{
  "object": {
    "pins": [
      {
        "package": "Superscript",
        "repositoryURL": "https://github.com/superwall/Superscript-iOS",
        "state": {
          "branch": null,
          "revision": "ce546d7ad70b5ce5f66ea0caffefb0d97be49f34",
          "version": "1.0.12"
        }
      }
    ]
  },
  "version": 1
}
