{
  "object": {
    "pins": [
      {
        "package": "SuperCEL",
        "repositoryURL": "https://github.com/superwall/SuperCEL-iOS",
        "state": {
          "branch": null,
          "revision": "be232c033d62be2e6431df6db046352ea48a269a",
          "version": "0.1.4"
        }
      }
    ]
  },
  "version": 1
}
