// !$*UTF8*$!
{
	archiveVersion = 1;
	classes = {
	};
	objectVersion = 56;
	objects = {

/* Begin PBXBuildFile section */
		54B0D55B2911DEB500733072 /* SSAAppDelegate.m in Sources */ = {isa = PBXBuildFile; fileRef = 54B0D55A2911DEB500733072 /* SSAAppDelegate.m */; };
		54B0D55E2911DEB500733072 /* SSASceneDelegate.m in Sources */ = {isa = PBXBuildFile; fileRef = 54B0D55D2911DEB500733072 /* SSASceneDelegate.m */; };
		54B0D5612911DEB500733072 /* SSAWelcomeViewController.m in Sources */ = {isa = PBXBuildFile; fileRef = 54B0D5602911DEB500733072 /* SSAWelcomeViewController.m */; };
		54B0D5642911DEB500733072 /* Main.storyboard in Resources */ = {isa = PBXBuildFile; fileRef = 54B0D5622911DEB500733072 /* Main.storyboard */; };
		54B0D5692911DEB500733072 /* LaunchScreen.storyboard in Resources */ = {isa = PBXBuildFile; fileRef = 54B0D5672911DEB500733072 /* LaunchScreen.storyboard */; };
		54B0D56C2911DEB500733072 /* main.m in Sources */ = {isa = PBXBuildFile; fileRef = 54B0D56B2911DEB500733072 /* main.m */; };
		54B0D5762911DFF700733072 /* SuperwallKit in Frameworks */ = {isa = PBXBuildFile; productRef = 54B0D5752911DFF700733072 /* SuperwallKit */; };
		54B0D5832911E10C00733072 /* Rubik-Bold.ttf in Resources */ = {isa = PBXBuildFile; fileRef = 54B0D57B2911E10C00733072 /* Rubik-Bold.ttf */; };
		54B0D5852911E10C00733072 /* Rubik-Regular.ttf in Resources */ = {isa = PBXBuildFile; fileRef = 54B0D57D2911E10C00733072 /* Rubik-Regular.ttf */; };
		54B0D5862911E10C00733072 /* Colors.xcassets in Resources */ = {isa = PBXBuildFile; fileRef = 54B0D57F2911E10C00733072 /* Colors.xcassets */; };
		54B0D5872911E10C00733072 /* Images.xcassets in Resources */ = {isa = PBXBuildFile; fileRef = 54B0D5802911E10C00733072 /* Images.xcassets */; };
		54B0D58A2911E14D00733072 /* UIColor+SSAAdditions.m in Sources */ = {isa = PBXBuildFile; fileRef = 54B0D5892911E14D00733072 /* UIColor+SSAAdditions.m */; };
		54B0D58E2911E3B100733072 /* SSAConstants.m in Sources */ = {isa = PBXBuildFile; fileRef = 54B0D58D2911E3B100733072 /* SSAConstants.m */; };
		54B0D5942911E68000733072 /* UIFont+SSAAdditions.m in Sources */ = {isa = PBXBuildFile; fileRef = 54B0D5932911E68000733072 /* UIFont+SSAAdditions.m */; };
		54B0D59C2911E93100733072 /* SSAStoreKitService.m in Sources */ = {isa = PBXBuildFile; fileRef = 54B0D59B2911E93100733072 /* SSAStoreKitService.m */; };
		54B0D59F29144D9100733072 /* SSASuperwallService.m in Sources */ = {isa = PBXBuildFile; fileRef = 54B0D59E29144D9100733072 /* SSASuperwallService.m */; };
		54B0D5A629162B2300733072 /* SSATrackEventViewController.m in Sources */ = {isa = PBXBuildFile; fileRef = 54B0D5A529162B2300733072 /* SSATrackEventViewController.m */; };
		54B0D5A929162B5200733072 /* UIViewController+SSAAdditions.m in Sources */ = {isa = PBXBuildFile; fileRef = 54B0D5A829162B5200733072 /* UIViewController+SSAAdditions.m */; };
		54B0D5AC2916FA4400733072 /* Superwall_UIKit-Objc-Products.storekit in Resources */ = {isa = PBXBuildFile; fileRef = 54B0D5AB2916FA4400733072 /* Superwall_UIKit-Objc-Products.storekit */; };
/* End PBXBuildFile section */

/* Begin PBXFileReference section */
		54B0D5562911DEB500733072 /* Superwall-UIKit-ObjC.app */ = {isa = PBXFileReference; explicitFileType = wrapper.application; includeInIndex = 0; path = "Superwall-UIKit-ObjC.app"; sourceTree = BUILT_PRODUCTS_DIR; };
		54B0D5592911DEB500733072 /* SSAAppDelegate.h */ = {isa = PBXFileReference; lastKnownFileType = sourcecode.c.h; path = SSAAppDelegate.h; sourceTree = "<group>"; };
		54B0D55A2911DEB500733072 /* SSAAppDelegate.m */ = {isa = PBXFileReference; lastKnownFileType = sourcecode.c.objc; path = SSAAppDelegate.m; sourceTree = "<group>"; };
		54B0D55C2911DEB500733072 /* SSASceneDelegate.h */ = {isa = PBXFileReference; lastKnownFileType = sourcecode.c.h; path = SSASceneDelegate.h; sourceTree = "<group>"; };
		54B0D55D2911DEB500733072 /* SSASceneDelegate.m */ = {isa = PBXFileReference; lastKnownFileType = sourcecode.c.objc; path = SSASceneDelegate.m; sourceTree = "<group>"; };
		54B0D55F2911DEB500733072 /* SSAWelcomeViewController.h */ = {isa = PBXFileReference; lastKnownFileType = sourcecode.c.h; path = SSAWelcomeViewController.h; sourceTree = "<group>"; };
		54B0D5602911DEB500733072 /* SSAWelcomeViewController.m */ = {isa = PBXFileReference; lastKnownFileType = sourcecode.c.objc; path = SSAWelcomeViewController.m; sourceTree = "<group>"; };
		54B0D5632911DEB500733072 /* Base */ = {isa = PBXFileReference; lastKnownFileType = file.storyboard; name = Base; path = Base.lproj/Main.storyboard; sourceTree = "<group>"; };
		54B0D5682911DEB500733072 /* Base */ = {isa = PBXFileReference; lastKnownFileType = file.storyboard; name = Base; path = Base.lproj/LaunchScreen.storyboard; sourceTree = "<group>"; };
		54B0D56A2911DEB500733072 /* Info.plist */ = {isa = PBXFileReference; lastKnownFileType = text.plist.xml; path = Info.plist; sourceTree = "<group>"; };
		54B0D56B2911DEB500733072 /* main.m */ = {isa = PBXFileReference; lastKnownFileType = sourcecode.c.objc; path = main.m; sourceTree = "<group>"; };
		54B0D5732911DFAB00733072 /* paywall-ios */ = {isa = PBXFileReference; lastKnownFileType = wrapper; name = "paywall-ios"; path = ../..; sourceTree = "<group>"; };
		54B0D57B2911E10C00733072 /* Rubik-Bold.ttf */ = {isa = PBXFileReference; lastKnownFileType = file; path = "Rubik-Bold.ttf"; sourceTree = "<group>"; };
		54B0D57D2911E10C00733072 /* Rubik-Regular.ttf */ = {isa = PBXFileReference; lastKnownFileType = file; path = "Rubik-Regular.ttf"; sourceTree = "<group>"; };
		54B0D57F2911E10C00733072 /* Colors.xcassets */ = {isa = PBXFileReference; lastKnownFileType = folder.assetcatalog; path = Colors.xcassets; sourceTree = "<group>"; };
		54B0D5802911E10C00733072 /* Images.xcassets */ = {isa = PBXFileReference; lastKnownFileType = folder.assetcatalog; path = Images.xcassets; sourceTree = "<group>"; };
		54B0D5882911E14D00733072 /* UIColor+SSAAdditions.h */ = {isa = PBXFileReference; lastKnownFileType = sourcecode.c.h; path = "UIColor+SSAAdditions.h"; sourceTree = "<group>"; };
		54B0D5892911E14D00733072 /* UIColor+SSAAdditions.m */ = {isa = PBXFileReference; lastKnownFileType = sourcecode.c.objc; path = "UIColor+SSAAdditions.m"; sourceTree = "<group>"; };
		54B0D58C2911E3B100733072 /* SSAConstants.h */ = {isa = PBXFileReference; lastKnownFileType = sourcecode.c.h; path = SSAConstants.h; sourceTree = "<group>"; };
		54B0D58D2911E3B100733072 /* SSAConstants.m */ = {isa = PBXFileReference; lastKnownFileType = sourcecode.c.objc; path = SSAConstants.m; sourceTree = "<group>"; };
		54B0D5922911E68000733072 /* UIFont+SSAAdditions.h */ = {isa = PBXFileReference; lastKnownFileType = sourcecode.c.h; path = "UIFont+SSAAdditions.h"; sourceTree = "<group>"; };
		54B0D5932911E68000733072 /* UIFont+SSAAdditions.m */ = {isa = PBXFileReference; lastKnownFileType = sourcecode.c.objc; path = "UIFont+SSAAdditions.m"; sourceTree = "<group>"; };
		54B0D59A2911E93100733072 /* SSAStoreKitService.h */ = {isa = PBXFileReference; lastKnownFileType = sourcecode.c.h; path = SSAStoreKitService.h; sourceTree = "<group>"; };
		54B0D59B2911E93100733072 /* SSAStoreKitService.m */ = {isa = PBXFileReference; lastKnownFileType = sourcecode.c.objc; path = SSAStoreKitService.m; sourceTree = "<group>"; };
		54B0D59D29144D9100733072 /* SSASuperwallService.h */ = {isa = PBXFileReference; lastKnownFileType = sourcecode.c.h; path = SSASuperwallService.h; sourceTree = "<group>"; };
		54B0D59E29144D9100733072 /* SSASuperwallService.m */ = {isa = PBXFileReference; lastKnownFileType = sourcecode.c.objc; path = SSASuperwallService.m; sourceTree = "<group>"; };
		54B0D5A429162B2300733072 /* SSATrackEventViewController.h */ = {isa = PBXFileReference; lastKnownFileType = sourcecode.c.h; path = SSATrackEventViewController.h; sourceTree = "<group>"; };
		54B0D5A529162B2300733072 /* SSATrackEventViewController.m */ = {isa = PBXFileReference; lastKnownFileType = sourcecode.c.objc; path = SSATrackEventViewController.m; sourceTree = "<group>"; };
		54B0D5A729162B5200733072 /* UIViewController+SSAAdditions.h */ = {isa = PBXFileReference; lastKnownFileType = sourcecode.c.h; path = "UIViewController+SSAAdditions.h"; sourceTree = "<group>"; };
		54B0D5A829162B5200733072 /* UIViewController+SSAAdditions.m */ = {isa = PBXFileReference; lastKnownFileType = sourcecode.c.objc; path = "UIViewController+SSAAdditions.m"; sourceTree = "<group>"; };
		54B0D5AB2916FA4400733072 /* Superwall_UIKit-Objc-Products.storekit */ = {isa = PBXFileReference; fileEncoding = 4; lastKnownFileType = text; path = "Superwall_UIKit-Objc-Products.storekit"; sourceTree = "<group>"; };
/* End PBXFileReference section */

/* Begin PBXFrameworksBuildPhase section */
		54B0D5532911DEB500733072 /* Frameworks */ = {
			isa = PBXFrameworksBuildPhase;
			buildActionMask = 2147483647;
			files = (
				54B0D5762911DFF700733072 /* SuperwallKit in Frameworks */,
			);
			runOnlyForDeploymentPostprocessing = 0;
		};
/* End PBXFrameworksBuildPhase section */

/* Begin PBXGroup section */
		54B0D54D2911DEB500733072 = {
			isa = PBXGroup;
			children = (
				54B0D5722911DFAB00733072 /* Packages */,
				54B0D5582911DEB500733072 /* Superwall-UIKit-ObjC */,
				54B0D5572911DEB500733072 /* Products */,
				54B0D5742911DFF700733072 /* Frameworks */,
			);
			indentWidth = 2;
			sourceTree = "<group>";
			tabWidth = 2;
		};
		54B0D5572911DEB500733072 /* Products */ = {
			isa = PBXGroup;
			children = (
				54B0D5562911DEB500733072 /* Superwall-UIKit-ObjC.app */,
			);
			name = Products;
			sourceTree = "<group>";
		};
		54B0D5582911DEB500733072 /* Superwall-UIKit-ObjC */ = {
			isa = PBXGroup;
			children = (
				54B0D5AA29162B5900733072 /* Categories */,
				54B0D5772911E10C00733072 /* Design */,
				54B0D5952911E8CE00733072 /* Services */,
				54B0D5592911DEB500733072 /* SSAAppDelegate.h */,
				54B0D55A2911DEB500733072 /* SSAAppDelegate.m */,
				54B0D55C2911DEB500733072 /* SSASceneDelegate.h */,
				54B0D55D2911DEB500733072 /* SSASceneDelegate.m */,
				54B0D55F2911DEB500733072 /* SSAWelcomeViewController.h */,
				54B0D5602911DEB500733072 /* SSAWelcomeViewController.m */,
				54B0D5A429162B2300733072 /* SSATrackEventViewController.h */,
				54B0D5A529162B2300733072 /* SSATrackEventViewController.m */,
				54B0D5AB2916FA4400733072 /* Superwall_UIKit-Objc-Products.storekit */,
				54B0D5622911DEB500733072 /* Main.storyboard */,
				54B0D5672911DEB500733072 /* LaunchScreen.storyboard */,
				54B0D56A2911DEB500733072 /* Info.plist */,
				54B0D56B2911DEB500733072 /* main.m */,
			);
			indentWidth = 2;
			path = "Superwall-UIKit-ObjC";
			sourceTree = "<group>";
			tabWidth = 2;
		};
		54B0D5722911DFAB00733072 /* Packages */ = {
			isa = PBXGroup;
			children = (
				54B0D5732911DFAB00733072 /* paywall-ios */,
			);
			indentWidth = 2;
			name = Packages;
			sourceTree = "<group>";
			tabWidth = 2;
		};
		54B0D5742911DFF700733072 /* Frameworks */ = {
			isa = PBXGroup;
			children = (
			);
			name = Frameworks;
			sourceTree = "<group>";
		};
		54B0D5772911E10C00733072 /* Design */ = {
			isa = PBXGroup;
			children = (
				54B0D58C2911E3B100733072 /* SSAConstants.h */,
				54B0D58D2911E3B100733072 /* SSAConstants.m */,
				54B0D57A2911E10C00733072 /* Fonts */,
				54B0D57E2911E10C00733072 /* Assets */,
			);
			path = Design;
			sourceTree = "<group>";
		};
		54B0D57A2911E10C00733072 /* Fonts */ = {
			isa = PBXGroup;
			children = (
				54B0D57B2911E10C00733072 /* Rubik-Bold.ttf */,
				54B0D57D2911E10C00733072 /* Rubik-Regular.ttf */,
			);
			path = Fonts;
			sourceTree = "<group>";
		};
		54B0D57E2911E10C00733072 /* Assets */ = {
			isa = PBXGroup;
			children = (
				54B0D57F2911E10C00733072 /* Colors.xcassets */,
				54B0D5802911E10C00733072 /* Images.xcassets */,
			);
			path = Assets;
			sourceTree = "<group>";
		};
		54B0D5952911E8CE00733072 /* Services */ = {
			isa = PBXGroup;
			children = (
				54B0D59D29144D9100733072 /* SSASuperwallService.h */,
				54B0D59E29144D9100733072 /* SSASuperwallService.m */,
				54B0D59A2911E93100733072 /* SSAStoreKitService.h */,
				54B0D59B2911E93100733072 /* SSAStoreKitService.m */,
			);
			path = Services;
			sourceTree = "<group>";
		};
		54B0D5AA29162B5900733072 /* Categories */ = {
			isa = PBXGroup;
			children = (
				54B0D5882911E14D00733072 /* UIColor+SSAAdditions.h */,
				54B0D5892911E14D00733072 /* UIColor+SSAAdditions.m */,
				54B0D5922911E68000733072 /* UIFont+SSAAdditions.h */,
				54B0D5932911E68000733072 /* UIFont+SSAAdditions.m */,
				54B0D5A729162B5200733072 /* UIViewController+SSAAdditions.h */,
				54B0D5A829162B5200733072 /* UIViewController+SSAAdditions.m */,
			);
			path = Categories;
			sourceTree = "<group>";
		};
/* End PBXGroup section */

/* Begin PBXNativeTarget section */
		54B0D5552911DEB500733072 /* Superwall-UIKit-ObjC */ = {
			isa = PBXNativeTarget;
			buildConfigurationList = 54B0D56F2911DEB500733072 /* Build configuration list for PBXNativeTarget "Superwall-UIKit-ObjC" */;
			buildPhases = (
				54B0D5522911DEB500733072 /* Sources */,
				54B0D5532911DEB500733072 /* Frameworks */,
				54B0D5542911DEB500733072 /* Resources */,
			);
			buildRules = (
			);
			dependencies = (
			);
			name = "Superwall-UIKit-ObjC";
			packageProductDependencies = (
				54B0D5752911DFF700733072 /* SuperwallKit */,
			);
			productName = "Superwall-UIKit-ObjC";
			productReference = 54B0D5562911DEB500733072 /* Superwall-UIKit-ObjC.app */;
			productType = "com.apple.product-type.application";
		};
/* End PBXNativeTarget section */

/* Begin PBXProject section */
		54B0D54E2911DEB500733072 /* Project object */ = {
			isa = PBXProject;
			attributes = {
				BuildIndependentTargetsInParallel = 1;
				LastUpgradeCheck = 1410;
				TargetAttributes = {
					54B0D5552911DEB500733072 = {
						CreatedOnToolsVersion = 14.1;
					};
				};
			};
			buildConfigurationList = 54B0D5512911DEB500733072 /* Build configuration list for PBXProject "Superwall-UIKit-ObjC" */;
			compatibilityVersion = "Xcode 14.0";
			developmentRegion = en;
			hasScannedForEncodings = 0;
			knownRegions = (
				en,
				Base,
			);
			mainGroup = 54B0D54D2911DEB500733072;
			productRefGroup = 54B0D5572911DEB500733072 /* Products */;
			projectDirPath = "";
			projectRoot = "";
			targets = (
				54B0D5552911DEB500733072 /* Superwall-UIKit-ObjC */,
			);
		};
/* End PBXProject section */

/* Begin PBXResourcesBuildPhase section */
		54B0D5542911DEB500733072 /* Resources */ = {
			isa = PBXResourcesBuildPhase;
			buildActionMask = 2147483647;
			files = (
				54B0D5AC2916FA4400733072 /* Superwall_UIKit-Objc-Products.storekit in Resources */,
				54B0D5692911DEB500733072 /* LaunchScreen.storyboard in Resources */,
				54B0D5832911E10C00733072 /* Rubik-Bold.ttf in Resources */,
				54B0D5872911E10C00733072 /* Images.xcassets in Resources */,
				54B0D5862911E10C00733072 /* Colors.xcassets in Resources */,
				54B0D5852911E10C00733072 /* Rubik-Regular.ttf in Resources */,
				54B0D5642911DEB500733072 /* Main.storyboard in Resources */,
			);
			runOnlyForDeploymentPostprocessing = 0;
		};
/* End PBXResourcesBuildPhase section */

/* Begin PBXSourcesBuildPhase section */
		54B0D5522911DEB500733072 /* Sources */ = {
			isa = PBXSourcesBuildPhase;
			buildActionMask = 2147483647;
			files = (
				54B0D5612911DEB500733072 /* SSAWelcomeViewController.m in Sources */,
				54B0D5942911E68000733072 /* UIFont+SSAAdditions.m in Sources */,
				54B0D58E2911E3B100733072 /* SSAConstants.m in Sources */,
				54B0D59F29144D9100733072 /* SSASuperwallService.m in Sources */,
				54B0D59C2911E93100733072 /* SSAStoreKitService.m in Sources */,
				54B0D55B2911DEB500733072 /* SSAAppDelegate.m in Sources */,
				54B0D5A929162B5200733072 /* UIViewController+SSAAdditions.m in Sources */,
				54B0D5A629162B2300733072 /* SSATrackEventViewController.m in Sources */,
				54B0D58A2911E14D00733072 /* UIColor+SSAAdditions.m in Sources */,
				54B0D56C2911DEB500733072 /* main.m in Sources */,
				54B0D55E2911DEB500733072 /* SSASceneDelegate.m in Sources */,
			);
			runOnlyForDeploymentPostprocessing = 0;
		};
/* End PBXSourcesBuildPhase section */

/* Begin PBXVariantGroup section */
		54B0D5622911DEB500733072 /* Main.storyboard */ = {
			isa = PBXVariantGroup;
			children = (
				54B0D5632911DEB500733072 /* Base */,
			);
			name = Main.storyboard;
			sourceTree = "<group>";
		};
		54B0D5672911DEB500733072 /* LaunchScreen.storyboard */ = {
			isa = PBXVariantGroup;
			children = (
				54B0D5682911DEB500733072 /* Base */,
			);
			name = LaunchScreen.storyboard;
			sourceTree = "<group>";
		};
/* End PBXVariantGroup section */

/* Begin XCBuildConfiguration section */
		54B0D56D2911DEB500733072 /* Debug */ = {
			isa = XCBuildConfiguration;
			buildSettings = {
				ALWAYS_SEARCH_USER_PATHS = NO;
				CLANG_ANALYZER_NONNULL = YES;
				CLANG_ANALYZER_NUMBER_OBJECT_CONVERSION = YES_AGGRESSIVE;
				CLANG_CXX_LANGUAGE_STANDARD = "gnu++20";
				CLANG_ENABLE_MODULES = YES;
				CLANG_ENABLE_OBJC_ARC = YES;
				CLANG_ENABLE_OBJC_WEAK = YES;
				CLANG_WARN_BLOCK_CAPTURE_AUTORELEASING = YES;
				CLANG_WARN_BOOL_CONVERSION = YES;
				CLANG_WARN_COMMA = YES;
				CLANG_WARN_CONSTANT_CONVERSION = YES;
				CLANG_WARN_DEPRECATED_OBJC_IMPLEMENTATIONS = YES;
				CLANG_WARN_DIRECT_OBJC_ISA_USAGE = YES_ERROR;
				CLANG_WARN_DOCUMENTATION_COMMENTS = YES;
				CLANG_WARN_EMPTY_BODY = YES;
				CLANG_WARN_ENUM_CONVERSION = YES;
				CLANG_WARN_INFINITE_RECURSION = YES;
				CLANG_WARN_INT_CONVERSION = YES;
				CLANG_WARN_NON_LITERAL_NULL_CONVERSION = YES;
				CLANG_WARN_OBJC_IMPLICIT_RETAIN_SELF = YES;
				CLANG_WARN_OBJC_LITERAL_CONVERSION = YES;
				CLANG_WARN_OBJC_ROOT_CLASS = YES_ERROR;
				CLANG_WARN_QUOTED_INCLUDE_IN_FRAMEWORK_HEADER = YES;
				CLANG_WARN_RANGE_LOOP_ANALYSIS = YES;
				CLANG_WARN_STRICT_PROTOTYPES = YES;
				CLANG_WARN_SUSPICIOUS_MOVE = YES;
				CLANG_WARN_UNGUARDED_AVAILABILITY = YES_AGGRESSIVE;
				CLANG_WARN_UNREACHABLE_CODE = YES;
				CLANG_WARN__DUPLICATE_METHOD_MATCH = YES;
				COPY_PHASE_STRIP = NO;
				DEBUG_INFORMATION_FORMAT = dwarf;
				ENABLE_STRICT_OBJC_MSGSEND = YES;
				ENABLE_TESTABILITY = YES;
				GCC_C_LANGUAGE_STANDARD = gnu11;
				GCC_DYNAMIC_NO_PIC = NO;
				GCC_NO_COMMON_BLOCKS = YES;
				GCC_OPTIMIZATION_LEVEL = 0;
				GCC_PREPROCESSOR_DEFINITIONS = (
					"DEBUG=1",
					"$(inherited)",
				);
				GCC_WARN_64_TO_32_BIT_CONVERSION = YES;
				GCC_WARN_ABOUT_RETURN_TYPE = YES_ERROR;
				GCC_WARN_UNDECLARED_SELECTOR = YES;
				GCC_WARN_UNINITIALIZED_AUTOS = YES_AGGRESSIVE;
				GCC_WARN_UNUSED_FUNCTION = YES;
				GCC_WARN_UNUSED_VARIABLE = YES;
				IPHONEOS_DEPLOYMENT_TARGET = 16.1;
				MTL_ENABLE_DEBUG_INFO = INCLUDE_SOURCE;
				MTL_FAST_MATH = YES;
				ONLY_ACTIVE_ARCH = YES;
				SDKROOT = iphoneos;
			};
			name = Debug;
		};
		54B0D56E2911DEB500733072 /* Release */ = {
			isa = XCBuildConfiguration;
			buildSettings = {
				ALWAYS_SEARCH_USER_PATHS = NO;
				CLANG_ANALYZER_NONNULL = YES;
				CLANG_ANALYZER_NUMBER_OBJECT_CONVERSION = YES_AGGRESSIVE;
				CLANG_CXX_LANGUAGE_STANDARD = "gnu++20";
				CLANG_ENABLE_MODULES = YES;
				CLANG_ENABLE_OBJC_ARC = YES;
				CLANG_ENABLE_OBJC_WEAK = YES;
				CLANG_WARN_BLOCK_CAPTURE_AUTORELEASING = YES;
				CLANG_WARN_BOOL_CONVERSION = YES;
				CLANG_WARN_COMMA = YES;
				CLANG_WARN_CONSTANT_CONVERSION = YES;
				CLANG_WARN_DEPRECATED_OBJC_IMPLEMENTATIONS = YES;
				CLANG_WARN_DIRECT_OBJC_ISA_USAGE = YES_ERROR;
				CLANG_WARN_DOCUMENTATION_COMMENTS = YES;
				CLANG_WARN_EMPTY_BODY = YES;
				CLANG_WARN_ENUM_CONVERSION = YES;
				CLANG_WARN_INFINITE_RECURSION = YES;
				CLANG_WARN_INT_CONVERSION = YES;
				CLANG_WARN_NON_LITERAL_NULL_CONVERSION = YES;
				CLANG_WARN_OBJC_IMPLICIT_RETAIN_SELF = YES;
				CLANG_WARN_OBJC_LITERAL_CONVERSION = YES;
				CLANG_WARN_OBJC_ROOT_CLASS = YES_ERROR;
				CLANG_WARN_QUOTED_INCLUDE_IN_FRAMEWORK_HEADER = YES;
				CLANG_WARN_RANGE_LOOP_ANALYSIS = YES;
				CLANG_WARN_STRICT_PROTOTYPES = YES;
				CLANG_WARN_SUSPICIOUS_MOVE = YES;
				CLANG_WARN_UNGUARDED_AVAILABILITY = YES_AGGRESSIVE;
				CLANG_WARN_UNREACHABLE_CODE = YES;
				CLANG_WARN__DUPLICATE_METHOD_MATCH = YES;
				COPY_PHASE_STRIP = NO;
				DEBUG_INFORMATION_FORMAT = "dwarf-with-dsym";
				ENABLE_NS_ASSERTIONS = NO;
				ENABLE_STRICT_OBJC_MSGSEND = YES;
				GCC_C_LANGUAGE_STANDARD = gnu11;
				GCC_NO_COMMON_BLOCKS = YES;
				GCC_WARN_64_TO_32_BIT_CONVERSION = YES;
				GCC_WARN_ABOUT_RETURN_TYPE = YES_ERROR;
				GCC_WARN_UNDECLARED_SELECTOR = YES;
				GCC_WARN_UNINITIALIZED_AUTOS = YES_AGGRESSIVE;
				GCC_WARN_UNUSED_FUNCTION = YES;
				GCC_WARN_UNUSED_VARIABLE = YES;
				IPHONEOS_DEPLOYMENT_TARGET = 16.1;
				MTL_ENABLE_DEBUG_INFO = NO;
				MTL_FAST_MATH = YES;
				SDKROOT = iphoneos;
				VALIDATE_PRODUCT = YES;
			};
			name = Release;
		};
		54B0D5702911DEB500733072 /* Debug */ = {
			isa = XCBuildConfiguration;
			buildSettings = {
				ASSETCATALOG_COMPILER_APPICON_NAME = AppIcon;
				ASSETCATALOG_COMPILER_GLOBAL_ACCENT_COLOR_NAME = AccentColor;
				CODE_SIGN_STYLE = Automatic;
				CURRENT_PROJECT_VERSION = 1;
				DEVELOPMENT_TEAM = "";
				GENERATE_INFOPLIST_FILE = YES;
				INFOPLIST_FILE = "Superwall-UIKit-ObjC/Info.plist";
				INFOPLIST_KEY_UIApplicationSupportsIndirectInputEvents = YES;
				INFOPLIST_KEY_UILaunchStoryboardName = LaunchScreen;
				INFOPLIST_KEY_UIMainStoryboardFile = Main;
				INFOPLIST_KEY_UISupportedInterfaceOrientations_iPad = "UIInterfaceOrientationPortrait UIInterfaceOrientationPortraitUpsideDown UIInterfaceOrientationLandscapeLeft UIInterfaceOrientationLandscapeRight";
				INFOPLIST_KEY_UISupportedInterfaceOrientations_iPhone = "UIInterfaceOrientationPortrait UIInterfaceOrientationLandscapeLeft UIInterfaceOrientationLandscapeRight";
				LD_RUNPATH_SEARCH_PATHS = (
					"$(inherited)",
					"@executable_path/Frameworks",
				);
				MARKETING_VERSION = 1.0;
				PRODUCT_BUNDLE_IDENTIFIER = "com.superwall.Superwall-UIKit-ObjC";
				PRODUCT_NAME = "$(TARGET_NAME)";
				SWIFT_EMIT_LOC_STRINGS = YES;
				SWIFT_VERSION = 5.0;
				TARGETED_DEVICE_FAMILY = "1,2";
			};
			name = Debug;
		};
		54B0D5712911DEB500733072 /* Release */ = {
			isa = XCBuildConfiguration;
			buildSettings = {
				ASSETCATALOG_COMPILER_APPICON_NAME = AppIcon;
				ASSETCATALOG_COMPILER_GLOBAL_ACCENT_COLOR_NAME = AccentColor;
				CODE_SIGN_STYLE = Automatic;
				CURRENT_PROJECT_VERSION = 1;
				DEVELOPMENT_TEAM = "";
				GENERATE_INFOPLIST_FILE = YES;
				INFOPLIST_FILE = "Superwall-UIKit-ObjC/Info.plist";
				INFOPLIST_KEY_UIApplicationSupportsIndirectInputEvents = YES;
				INFOPLIST_KEY_UILaunchStoryboardName = LaunchScreen;
				INFOPLIST_KEY_UIMainStoryboardFile = Main;
				INFOPLIST_KEY_UISupportedInterfaceOrientations_iPad = "UIInterfaceOrientationPortrait UIInterfaceOrientationPortraitUpsideDown UIInterfaceOrientationLandscapeLeft UIInterfaceOrientationLandscapeRight";
				INFOPLIST_KEY_UISupportedInterfaceOrientations_iPhone = "UIInterfaceOrientationPortrait UIInterfaceOrientationLandscapeLeft UIInterfaceOrientationLandscapeRight";
				LD_RUNPATH_SEARCH_PATHS = (
					"$(inherited)",
					"@executable_path/Frameworks",
				);
				MARKETING_VERSION = 1.0;
				PRODUCT_BUNDLE_IDENTIFIER = "com.superwall.Superwall-UIKit-ObjC";
				PRODUCT_NAME = "$(TARGET_NAME)";
				SWIFT_EMIT_LOC_STRINGS = YES;
				SWIFT_VERSION = 5.0;
				TARGETED_DEVICE_FAMILY = "1,2";
			};
			name = Release;
		};
/* End XCBuildConfiguration section */

/* Begin XCConfigurationList section */
		54B0D5512911DEB500733072 /* Build configuration list for PBXProject "Superwall-UIKit-ObjC" */ = {
			isa = XCConfigurationList;
			buildConfigurations = (
				54B0D56D2911DEB500733072 /* Debug */,
				54B0D56E2911DEB500733072 /* Release */,
			);
			defaultConfigurationIsVisible = 0;
			defaultConfigurationName = Release;
		};
		54B0D56F2911DEB500733072 /* Build configuration list for PBXNativeTarget "Superwall-UIKit-ObjC" */ = {
			isa = XCConfigurationList;
			buildConfigurations = (
				54B0D5702911DEB500733072 /* Debug */,
				54B0D5712911DEB500733072 /* Release */,
			);
			defaultConfigurationIsVisible = 0;
			defaultConfigurationName = Release;
		};
/* End XCConfigurationList section */

/* Begin XCSwiftPackageProductDependency section */
		54B0D5752911DFF700733072 /* SuperwallKit */ = {
			isa = XCSwiftPackageProductDependency;
			productName = SuperwallKit;
		};
/* End XCSwiftPackageProductDependency section */
	};
	rootObject = 54B0D54E2911DEB500733072 /* Project object */;
}
