{
  "object": {
    "pins": [
      {
        "package": "Superscript",
        "repositoryURL": "https://github.com/superwall/superscript-ios-next",
        "state": {
          "branch": null,
          "revision": "abb2c8c96e958aabe11a84df67860ad7bbef3b68",
          "version": "1.0.14"
        }
      }
    ]
  },
  "version": 1
}
