{
  "object": {
    "pins": [
      {
        "package": "RevenueCat",
        "repositoryURL": "https://github.com/RevenueCat/purchases-ios.git",
        "state": {
          "branch": null,
          "revision": "abb0d68c3e7ba97b16ab51c38fcaca16b0e358c8",
          "version": "5.66.0"
        }
      },
      {
        "package": "Superscript",
        "repositoryURL": "https://github.com/superwall/Superscript-iOS",
        "state": {
          "branch": null,
          "revision": "711866edcb62dbd237c24ed3e5fa39fad0db639f",
          "version": "1.0.13"
        }
      }
    ]
  },
  "version": 1
}
