{
  "object": {
    "pins": [
      {
        "package": "RevenueCat",
        "repositoryURL": "https://github.com/RevenueCat/purchases-ios.git",
        "state": {
          "branch": null,
          "revision": "15df2ed7feb372d1ba53e7b0e968838f17a78c02",
          "version": "5.54.0"
        }
      },
      {
        "package": "Superscript",
        "repositoryURL": "https://github.com/superwall/Superscript-iOS",
        "state": {
          "branch": null,
          "revision": "ce546d7ad70b5ce5f66ea0caffefb0d97be49f34",
          "version": "1.0.12"
        }
      }
    ]
  },
  "version": 1
}
