{
  "object": {
    "pins": [
      {
        "package": "Superscript",
        "repositoryURL": "https://github.com/superwall/Superscript-iOS",
        "state": {
          "branch": null,
          "revision": "dd60760ac931e678002ddf02a44a913fd4595ebe",
          "version": "0.1.15"
        }
      }
    ]
  },
  "version": 1
}
