// !$*UTF8*$!
{
	archiveVersion = 1;
	classes = {
	};
	objectVersion = 55;
	objects = {

/* Begin PBXBuildFile section */
		8830FD3227E3628A00E87C79 /* ImplicitlyTriggerPaywallView.swift in Sources */ = {isa = PBXBuildFile; fileRef = 8830FD3127E3628A00E87C79 /* ImplicitlyTriggerPaywallView.swift */; };
		8830FD3427E389D500E87C79 /* PaywallSubscriptionStatusLogic.swift in Sources */ = {isa = PBXBuildFile; fileRef = 8830FD3327E389D500E87C79 /* PaywallSubscriptionStatusLogic.swift */; };
		886DA1A327E101DF00400CAD /* PaywallOptionsListView.swift in Sources */ = {isa = PBXBuildFile; fileRef = 886DA1A227E101DF00400CAD /* PaywallOptionsListView.swift */; };
		888F488827DA6B0F009C74A3 /* SuperwallSwiftUIExampleApp.swift in Sources */ = {isa = PBXBuildFile; fileRef = 888F488727DA6B0F009C74A3 /* SuperwallSwiftUIExampleApp.swift */; };
		888F488A27DA6B0F009C74A3 /* PresentPaywallView.swift in Sources */ = {isa = PBXBuildFile; fileRef = 888F488927DA6B0F009C74A3 /* PresentPaywallView.swift */; };
		888F488C27DA6B10009C74A3 /* Images.xcassets in Resources */ = {isa = PBXBuildFile; fileRef = 888F488B27DA6B10009C74A3 /* Images.xcassets */; };
		888F488F27DA6B10009C74A3 /* Preview Assets.xcassets in Resources */ = {isa = PBXBuildFile; fileRef = 888F488E27DA6B10009C74A3 /* Preview Assets.xcassets */; };
		888F489927DA6B10009C74A3 /* SuperwallSwiftUIExampleTests.swift in Sources */ = {isa = PBXBuildFile; fileRef = 888F489827DA6B10009C74A3 /* SuperwallSwiftUIExampleTests.swift */; };
		888F48A327DA6B10009C74A3 /* SuperwallSwiftUIExampleUITests.swift in Sources */ = {isa = PBXBuildFile; fileRef = 888F48A227DA6B10009C74A3 /* SuperwallSwiftUIExampleUITests.swift */; };
		888F48A527DA6B10009C74A3 /* SuperwallSwiftUIExampleUITestsLaunchTests.swift in Sources */ = {isa = PBXBuildFile; fileRef = 888F48A427DA6B10009C74A3 /* SuperwallSwiftUIExampleUITestsLaunchTests.swift */; };
		888F48B927DA6F7F009C74A3 /* Paywall in Frameworks */ = {isa = PBXBuildFile; productRef = 888F48B827DA6F7F009C74A3 /* Paywall */; };
		888F48BB27DA6FAF009C74A3 /* PaywallService.swift in Sources */ = {isa = PBXBuildFile; fileRef = 888F48BA27DA6FAF009C74A3 /* PaywallService.swift */; };
		888F48BD27DA71EA009C74A3 /* AppDelegate.swift in Sources */ = {isa = PBXBuildFile; fileRef = 888F48BC27DA71EA009C74A3 /* AppDelegate.swift */; };
		888F48C327DB8584009C74A3 /* ExplicitlyTriggerPaywallView.swift in Sources */ = {isa = PBXBuildFile; fileRef = 888F48C227DB8584009C74A3 /* ExplicitlyTriggerPaywallView.swift */; };
		888F48C527DB9F52009C74A3 /* PaywallOptionsTableView.swift in Sources */ = {isa = PBXBuildFile; fileRef = 888F48C427DB9F52009C74A3 /* PaywallOptionsTableView.swift */; };
		888F48C827DBA47E009C74A3 /* Colors.xcassets in Resources */ = {isa = PBXBuildFile; fileRef = 888F48C727DBA47E009C74A3 /* Colors.xcassets */; };
		888F48CB27DBA55E009C74A3 /* BrandedButton.swift in Sources */ = {isa = PBXBuildFile; fileRef = 888F48CA27DBA55E009C74A3 /* BrandedButton.swift */; };
		888F48D127DBA62D009C74A3 /* Font.swift in Sources */ = {isa = PBXBuildFile; fileRef = 888F48D027DBA62D009C74A3 /* Font.swift */; };
		888F48D327DBA662009C74A3 /* Styles.swift in Sources */ = {isa = PBXBuildFile; fileRef = 888F48D227DBA662009C74A3 /* Styles.swift */; };
		888F48D727DBA6B6009C74A3 /* Rubik-Regular.ttf in Resources */ = {isa = PBXBuildFile; fileRef = 888F48D627DBA6B6009C74A3 /* Rubik-Regular.ttf */; };
		888F48D927DBA751009C74A3 /* Colors.swift in Sources */ = {isa = PBXBuildFile; fileRef = 888F48D827DBA751009C74A3 /* Colors.swift */; };
		888F48DB27DBA8A9009C74A3 /* Rubik-Bold.ttf in Resources */ = {isa = PBXBuildFile; fileRef = 888F48DA27DBA8A9009C74A3 /* Rubik-Bold.ttf */; };
		88EE539327DF677900F1FFFB /* StoreKitService.swift in Sources */ = {isa = PBXBuildFile; fileRef = 88EE539227DF677900F1FFFB /* StoreKitService.swift */; };
		88EE539627DF6D0A00F1FFFB /* WelcomeView.swift in Sources */ = {isa = PBXBuildFile; fileRef = 88EE539527DF6D0A00F1FFFB /* WelcomeView.swift */; };
		88F9F1DE27E1081A004FCE83 /* PaywallSubscriptionStatusView.swift in Sources */ = {isa = PBXBuildFile; fileRef = 88F9F1DD27E1081A004FCE83 /* PaywallSubscriptionStatusView.swift */; };
		88F9F1E327E21718004FCE83 /* InfoView.swift in Sources */ = {isa = PBXBuildFile; fileRef = 88F9F1E227E21718004FCE83 /* InfoView.swift */; };
/* End PBXBuildFile section */

/* Begin PBXContainerItemProxy section */
		888F489527DA6B10009C74A3 /* PBXContainerItemProxy */ = {
			isa = PBXContainerItemProxy;
			containerPortal = 888F487C27DA6B0F009C74A3 /* Project object */;
			proxyType = 1;
			remoteGlobalIDString = 888F488327DA6B0F009C74A3;
			remoteInfo = SuperwallSwiftUIExample;
		};
		888F489F27DA6B10009C74A3 /* PBXContainerItemProxy */ = {
			isa = PBXContainerItemProxy;
			containerPortal = 888F487C27DA6B0F009C74A3 /* Project object */;
			proxyType = 1;
			remoteGlobalIDString = 888F488327DA6B0F009C74A3;
			remoteInfo = SuperwallSwiftUIExample;
		};
/* End PBXContainerItemProxy section */

/* Begin PBXFileReference section */
		8830FD3127E3628A00E87C79 /* ImplicitlyTriggerPaywallView.swift */ = {isa = PBXFileReference; lastKnownFileType = sourcecode.swift; path = ImplicitlyTriggerPaywallView.swift; sourceTree = "<group>"; };
		8830FD3327E389D500E87C79 /* PaywallSubscriptionStatusLogic.swift */ = {isa = PBXFileReference; lastKnownFileType = sourcecode.swift; path = PaywallSubscriptionStatusLogic.swift; sourceTree = "<group>"; };
		886DA1A227E101DF00400CAD /* PaywallOptionsListView.swift */ = {isa = PBXFileReference; lastKnownFileType = sourcecode.swift; path = PaywallOptionsListView.swift; sourceTree = "<group>"; };
		888F488427DA6B0F009C74A3 /* SuperwallSwiftUIExample.app */ = {isa = PBXFileReference; explicitFileType = wrapper.application; includeInIndex = 0; path = SuperwallSwiftUIExample.app; sourceTree = BUILT_PRODUCTS_DIR; };
		888F488727DA6B0F009C74A3 /* SuperwallSwiftUIExampleApp.swift */ = {isa = PBXFileReference; lastKnownFileType = sourcecode.swift; path = SuperwallSwiftUIExampleApp.swift; sourceTree = "<group>"; };
		888F488927DA6B0F009C74A3 /* PresentPaywallView.swift */ = {isa = PBXFileReference; lastKnownFileType = sourcecode.swift; path = PresentPaywallView.swift; sourceTree = "<group>"; };
		888F488B27DA6B10009C74A3 /* Images.xcassets */ = {isa = PBXFileReference; lastKnownFileType = folder.assetcatalog; path = Images.xcassets; sourceTree = "<group>"; };
		888F488E27DA6B10009C74A3 /* Preview Assets.xcassets */ = {isa = PBXFileReference; lastKnownFileType = folder.assetcatalog; path = "Preview Assets.xcassets"; sourceTree = "<group>"; };
		888F489427DA6B10009C74A3 /* SuperwallSwiftUIExampleTests.xctest */ = {isa = PBXFileReference; explicitFileType = wrapper.cfbundle; includeInIndex = 0; path = SuperwallSwiftUIExampleTests.xctest; sourceTree = BUILT_PRODUCTS_DIR; };
		888F489827DA6B10009C74A3 /* SuperwallSwiftUIExampleTests.swift */ = {isa = PBXFileReference; lastKnownFileType = sourcecode.swift; path = SuperwallSwiftUIExampleTests.swift; sourceTree = "<group>"; };
		888F489E27DA6B10009C74A3 /* SuperwallSwiftUIExampleUITests.xctest */ = {isa = PBXFileReference; explicitFileType = wrapper.cfbundle; includeInIndex = 0; path = SuperwallSwiftUIExampleUITests.xctest; sourceTree = BUILT_PRODUCTS_DIR; };
		888F48A227DA6B10009C74A3 /* SuperwallSwiftUIExampleUITests.swift */ = {isa = PBXFileReference; lastKnownFileType = sourcecode.swift; path = SuperwallSwiftUIExampleUITests.swift; sourceTree = "<group>"; };
		888F48A427DA6B10009C74A3 /* SuperwallSwiftUIExampleUITestsLaunchTests.swift */ = {isa = PBXFileReference; lastKnownFileType = sourcecode.swift; path = SuperwallSwiftUIExampleUITestsLaunchTests.swift; sourceTree = "<group>"; };
		888F48BA27DA6FAF009C74A3 /* PaywallService.swift */ = {isa = PBXFileReference; lastKnownFileType = sourcecode.swift; path = PaywallService.swift; sourceTree = "<group>"; };
		888F48BC27DA71EA009C74A3 /* AppDelegate.swift */ = {isa = PBXFileReference; lastKnownFileType = sourcecode.swift; path = AppDelegate.swift; sourceTree = "<group>"; };
		888F48BE27DA7352009C74A3 /* paywall-ios */ = {isa = PBXFileReference; lastKnownFileType = wrapper; name = "paywall-ios"; path = ../..; sourceTree = "<group>"; };
		888F48C227DB8584009C74A3 /* ExplicitlyTriggerPaywallView.swift */ = {isa = PBXFileReference; lastKnownFileType = sourcecode.swift; path = ExplicitlyTriggerPaywallView.swift; sourceTree = "<group>"; };
		888F48C427DB9F52009C74A3 /* PaywallOptionsTableView.swift */ = {isa = PBXFileReference; lastKnownFileType = sourcecode.swift; path = PaywallOptionsTableView.swift; sourceTree = "<group>"; };
		888F48C727DBA47E009C74A3 /* Colors.xcassets */ = {isa = PBXFileReference; lastKnownFileType = folder.assetcatalog; path = Colors.xcassets; sourceTree = "<group>"; };
		888F48CA27DBA55E009C74A3 /* BrandedButton.swift */ = {isa = PBXFileReference; lastKnownFileType = sourcecode.swift; path = BrandedButton.swift; sourceTree = "<group>"; };
		888F48CC27DBA598009C74A3 /* SuperwallSwiftUIExample.entitlements */ = {isa = PBXFileReference; lastKnownFileType = text.plist.entitlements; path = SuperwallSwiftUIExample.entitlements; sourceTree = "<group>"; };
		888F48CD27DBA5BA009C74A3 /* Info.plist */ = {isa = PBXFileReference; lastKnownFileType = text.plist; path = Info.plist; sourceTree = "<group>"; };
		888F48D027DBA62D009C74A3 /* Font.swift */ = {isa = PBXFileReference; lastKnownFileType = sourcecode.swift; path = Font.swift; sourceTree = "<group>"; };
		888F48D227DBA662009C74A3 /* Styles.swift */ = {isa = PBXFileReference; lastKnownFileType = sourcecode.swift; path = Styles.swift; sourceTree = "<group>"; };
		888F48D627DBA6B6009C74A3 /* Rubik-Regular.ttf */ = {isa = PBXFileReference; lastKnownFileType = file; path = "Rubik-Regular.ttf"; sourceTree = "<group>"; };
		888F48D827DBA751009C74A3 /* Colors.swift */ = {isa = PBXFileReference; lastKnownFileType = sourcecode.swift; path = Colors.swift; sourceTree = "<group>"; };
		888F48DA27DBA8A9009C74A3 /* Rubik-Bold.ttf */ = {isa = PBXFileReference; lastKnownFileType = file; path = "Rubik-Bold.ttf"; sourceTree = "<group>"; };
		88EE539127DF64BB00F1FFFB /* Products.storekit */ = {isa = PBXFileReference; lastKnownFileType = text; path = Products.storekit; sourceTree = "<group>"; };
		88EE539227DF677900F1FFFB /* StoreKitService.swift */ = {isa = PBXFileReference; fileEncoding = 4; lastKnownFileType = sourcecode.swift; path = StoreKitService.swift; sourceTree = "<group>"; };
		88EE539527DF6D0A00F1FFFB /* WelcomeView.swift */ = {isa = PBXFileReference; lastKnownFileType = sourcecode.swift; path = WelcomeView.swift; sourceTree = "<group>"; };
		88F9F1DD27E1081A004FCE83 /* PaywallSubscriptionStatusView.swift */ = {isa = PBXFileReference; lastKnownFileType = sourcecode.swift; path = PaywallSubscriptionStatusView.swift; sourceTree = "<group>"; };
		88F9F1E227E21718004FCE83 /* InfoView.swift */ = {isa = PBXFileReference; lastKnownFileType = sourcecode.swift; path = InfoView.swift; sourceTree = "<group>"; };
/* End PBXFileReference section */

/* Begin PBXFrameworksBuildPhase section */
		888F488127DA6B0F009C74A3 /* Frameworks */ = {
			isa = PBXFrameworksBuildPhase;
			buildActionMask = 2147483647;
			files = (
				888F48B927DA6F7F009C74A3 /* Paywall in Frameworks */,
			);
			runOnlyForDeploymentPostprocessing = 0;
		};
		888F489127DA6B10009C74A3 /* Frameworks */ = {
			isa = PBXFrameworksBuildPhase;
			buildActionMask = 2147483647;
			files = (
			);
			runOnlyForDeploymentPostprocessing = 0;
		};
		888F489B27DA6B10009C74A3 /* Frameworks */ = {
			isa = PBXFrameworksBuildPhase;
			buildActionMask = 2147483647;
			files = (
			);
			runOnlyForDeploymentPostprocessing = 0;
		};
/* End PBXFrameworksBuildPhase section */

/* Begin PBXGroup section */
		888F487B27DA6B0F009C74A3 = {
			isa = PBXGroup;
			children = (
				888F48BE27DA7352009C74A3 /* paywall-ios */,
				888F488627DA6B0F009C74A3 /* SuperwallSwiftUIExample */,
				888F489727DA6B10009C74A3 /* SuperwallSwiftUIExampleTests */,
				888F48A127DA6B10009C74A3 /* SuperwallSwiftUIExampleUITests */,
				888F488527DA6B0F009C74A3 /* Products */,
				888F48B727DA6F7F009C74A3 /* Frameworks */,
			);
			sourceTree = "<group>";
		};
		888F488527DA6B0F009C74A3 /* Products */ = {
			isa = PBXGroup;
			children = (
				888F488427DA6B0F009C74A3 /* SuperwallSwiftUIExample.app */,
				888F489427DA6B10009C74A3 /* SuperwallSwiftUIExampleTests.xctest */,
				888F489E27DA6B10009C74A3 /* SuperwallSwiftUIExampleUITests.xctest */,
			);
			name = Products;
			sourceTree = "<group>";
		};
		888F488627DA6B0F009C74A3 /* SuperwallSwiftUIExample */ = {
			isa = PBXGroup;
			children = (
				888F48C627DBA46B009C74A3 /* Design */,
				888F48C927DBA54A009C74A3 /* Components */,
				888F488D27DA6B10009C74A3 /* Preview Content */,
				88EE539427DF677C00F1FFFB /* Services */,
				888F48CD27DBA5BA009C74A3 /* Info.plist */,
				888F48CC27DBA598009C74A3 /* SuperwallSwiftUIExample.entitlements */,
				88EE539127DF64BB00F1FFFB /* Products.storekit */,
				888F488727DA6B0F009C74A3 /* SuperwallSwiftUIExampleApp.swift */,
				888F48BC27DA71EA009C74A3 /* AppDelegate.swift */,
				88EE539527DF6D0A00F1FFFB /* WelcomeView.swift */,
				888F48C427DB9F52009C74A3 /* PaywallOptionsTableView.swift */,
				886DA1A227E101DF00400CAD /* PaywallOptionsListView.swift */,
				888F488927DA6B0F009C74A3 /* PresentPaywallView.swift */,
				888F48C227DB8584009C74A3 /* ExplicitlyTriggerPaywallView.swift */,
				8830FD3127E3628A00E87C79 /* ImplicitlyTriggerPaywallView.swift */,
			);
			path = SuperwallSwiftUIExample;
			sourceTree = "<group>";
		};
		888F488D27DA6B10009C74A3 /* Preview Content */ = {
			isa = PBXGroup;
			children = (
				888F488E27DA6B10009C74A3 /* Preview Assets.xcassets */,
			);
			path = "Preview Content";
			sourceTree = "<group>";
		};
		888F489727DA6B10009C74A3 /* SuperwallSwiftUIExampleTests */ = {
			isa = PBXGroup;
			children = (
				888F489827DA6B10009C74A3 /* SuperwallSwiftUIExampleTests.swift */,
			);
			path = SuperwallSwiftUIExampleTests;
			sourceTree = "<group>";
		};
		888F48A127DA6B10009C74A3 /* SuperwallSwiftUIExampleUITests */ = {
			isa = PBXGroup;
			children = (
				888F48A227DA6B10009C74A3 /* SuperwallSwiftUIExampleUITests.swift */,
				888F48A427DA6B10009C74A3 /* SuperwallSwiftUIExampleUITestsLaunchTests.swift */,
			);
			path = SuperwallSwiftUIExampleUITests;
			sourceTree = "<group>";
		};
		888F48B727DA6F7F009C74A3 /* Frameworks */ = {
			isa = PBXGroup;
			children = (
			);
			name = Frameworks;
			sourceTree = "<group>";
		};
		888F48C627DBA46B009C74A3 /* Design */ = {
			isa = PBXGroup;
			children = (
				888F48D427DBA67E009C74A3 /* Assets */,
				888F48D527DBA69D009C74A3 /* Fonts */,
				888F48D227DBA662009C74A3 /* Styles.swift */,
				888F48D827DBA751009C74A3 /* Colors.swift */,
			);
			path = Design;
			sourceTree = "<group>";
		};
		888F48C927DBA54A009C74A3 /* Components */ = {
			isa = PBXGroup;
			children = (
				888F48CA27DBA55E009C74A3 /* BrandedButton.swift */,
				88F9F1E227E21718004FCE83 /* InfoView.swift */,
				88F9F1DD27E1081A004FCE83 /* PaywallSubscriptionStatusView.swift */,
				8830FD3327E389D500E87C79 /* PaywallSubscriptionStatusLogic.swift */,
			);
			path = Components;
			sourceTree = "<group>";
		};
		888F48D427DBA67E009C74A3 /* Assets */ = {
			isa = PBXGroup;
			children = (
				888F48C727DBA47E009C74A3 /* Colors.xcassets */,
				888F488B27DA6B10009C74A3 /* Images.xcassets */,
			);
			path = Assets;
			sourceTree = "<group>";
		};
		888F48D527DBA69D009C74A3 /* Fonts */ = {
			isa = PBXGroup;
			children = (
				888F48D027DBA62D009C74A3 /* Font.swift */,
				888F48D627DBA6B6009C74A3 /* Rubik-Regular.ttf */,
				888F48DA27DBA8A9009C74A3 /* Rubik-Bold.ttf */,
			);
			path = Fonts;
			sourceTree = "<group>";
		};
		88EE539427DF677C00F1FFFB /* Services */ = {
			isa = PBXGroup;
			children = (
				888F48BA27DA6FAF009C74A3 /* PaywallService.swift */,
				88EE539227DF677900F1FFFB /* StoreKitService.swift */,
			);
			path = Services;
			sourceTree = "<group>";
		};
/* End PBXGroup section */

/* Begin PBXNativeTarget section */
		888F488327DA6B0F009C74A3 /* SuperwallSwiftUIExample */ = {
			isa = PBXNativeTarget;
			buildConfigurationList = 888F48A827DA6B10009C74A3 /* Build configuration list for PBXNativeTarget "SuperwallSwiftUIExample" */;
			buildPhases = (
				888F48BF27DB8422009C74A3 /* SwiftLint */,
				888F488027DA6B0F009C74A3 /* Sources */,
				888F488127DA6B0F009C74A3 /* Frameworks */,
				888F488227DA6B0F009C74A3 /* Resources */,
			);
			buildRules = (
			);
			dependencies = (
			);
			name = SuperwallSwiftUIExample;
			packageProductDependencies = (
				888F48B827DA6F7F009C74A3 /* Paywall */,
			);
			productName = SuperwallSwiftUIExample;
			productReference = 888F488427DA6B0F009C74A3 /* SuperwallSwiftUIExample.app */;
			productType = "com.apple.product-type.application";
		};
		888F489327DA6B10009C74A3 /* SuperwallSwiftUIExampleTests */ = {
			isa = PBXNativeTarget;
			buildConfigurationList = 888F48AB27DA6B10009C74A3 /* Build configuration list for PBXNativeTarget "SuperwallSwiftUIExampleTests" */;
			buildPhases = (
				888F489027DA6B10009C74A3 /* Sources */,
				888F489127DA6B10009C74A3 /* Frameworks */,
				888F489227DA6B10009C74A3 /* Resources */,
			);
			buildRules = (
			);
			dependencies = (
				888F489627DA6B10009C74A3 /* PBXTargetDependency */,
			);
			name = SuperwallSwiftUIExampleTests;
			productName = SuperwallSwiftUIExampleTests;
			productReference = 888F489427DA6B10009C74A3 /* SuperwallSwiftUIExampleTests.xctest */;
			productType = "com.apple.product-type.bundle.unit-test";
		};
		888F489D27DA6B10009C74A3 /* SuperwallSwiftUIExampleUITests */ = {
			isa = PBXNativeTarget;
			buildConfigurationList = 888F48AE27DA6B10009C74A3 /* Build configuration list for PBXNativeTarget "SuperwallSwiftUIExampleUITests" */;
			buildPhases = (
				888F489A27DA6B10009C74A3 /* Sources */,
				888F489B27DA6B10009C74A3 /* Frameworks */,
				888F489C27DA6B10009C74A3 /* Resources */,
			);
			buildRules = (
			);
			dependencies = (
				888F48A027DA6B10009C74A3 /* PBXTargetDependency */,
			);
			name = SuperwallSwiftUIExampleUITests;
			productName = SuperwallSwiftUIExampleUITests;
			productReference = 888F489E27DA6B10009C74A3 /* SuperwallSwiftUIExampleUITests.xctest */;
			productType = "com.apple.product-type.bundle.ui-testing";
		};
/* End PBXNativeTarget section */

/* Begin PBXProject section */
		888F487C27DA6B0F009C74A3 /* Project object */ = {
			isa = PBXProject;
			attributes = {
				BuildIndependentTargetsInParallel = 1;
				LastSwiftUpdateCheck = 1320;
				LastUpgradeCheck = 1320;
				TargetAttributes = {
					888F488327DA6B0F009C74A3 = {
						CreatedOnToolsVersion = 13.2.1;
					};
					888F489327DA6B10009C74A3 = {
						CreatedOnToolsVersion = 13.2.1;
						TestTargetID = 888F488327DA6B0F009C74A3;
					};
					888F489D27DA6B10009C74A3 = {
						CreatedOnToolsVersion = 13.2.1;
						TestTargetID = 888F488327DA6B0F009C74A3;
					};
				};
			};
			buildConfigurationList = 888F487F27DA6B0F009C74A3 /* Build configuration list for PBXProject "SuperwallSwiftUIExample" */;
			compatibilityVersion = "Xcode 13.0";
			developmentRegion = en;
			hasScannedForEncodings = 0;
			knownRegions = (
				en,
				Base,
			);
			mainGroup = 888F487B27DA6B0F009C74A3;
			productRefGroup = 888F488527DA6B0F009C74A3 /* Products */;
			projectDirPath = "";
			projectRoot = "";
			targets = (
				888F488327DA6B0F009C74A3 /* SuperwallSwiftUIExample */,
				888F489327DA6B10009C74A3 /* SuperwallSwiftUIExampleTests */,
				888F489D27DA6B10009C74A3 /* SuperwallSwiftUIExampleUITests */,
			);
		};
/* End PBXProject section */

/* Begin PBXResourcesBuildPhase section */
		888F488227DA6B0F009C74A3 /* Resources */ = {
			isa = PBXResourcesBuildPhase;
			buildActionMask = 2147483647;
			files = (
				888F48C827DBA47E009C74A3 /* Colors.xcassets in Resources */,
				888F48D727DBA6B6009C74A3 /* Rubik-Regular.ttf in Resources */,
				888F488F27DA6B10009C74A3 /* Preview Assets.xcassets in Resources */,
				888F488C27DA6B10009C74A3 /* Images.xcassets in Resources */,
				888F48DB27DBA8A9009C74A3 /* Rubik-Bold.ttf in Resources */,
			);
			runOnlyForDeploymentPostprocessing = 0;
		};
		888F489227DA6B10009C74A3 /* Resources */ = {
			isa = PBXResourcesBuildPhase;
			buildActionMask = 2147483647;
			files = (
			);
			runOnlyForDeploymentPostprocessing = 0;
		};
		888F489C27DA6B10009C74A3 /* Resources */ = {
			isa = PBXResourcesBuildPhase;
			buildActionMask = 2147483647;
			files = (
			);
			runOnlyForDeploymentPostprocessing = 0;
		};
/* End PBXResourcesBuildPhase section */

/* Begin PBXShellScriptBuildPhase section */
		888F48BF27DB8422009C74A3 /* SwiftLint */ = {
			isa = PBXShellScriptBuildPhase;
			buildActionMask = 2147483647;
			files = (
			);
			inputFileListPaths = (
			);
			inputPaths = (
			);
			name = SwiftLint;
			outputFileListPaths = (
			);
			outputPaths = (
			);
			runOnlyForDeploymentPostprocessing = 0;
			shellPath = /bin/sh;
			shellScript = "../../scripts/lint.sh\n";
		};
/* End PBXShellScriptBuildPhase section */

/* Begin PBXSourcesBuildPhase section */
		888F488027DA6B0F009C74A3 /* Sources */ = {
			isa = PBXSourcesBuildPhase;
			buildActionMask = 2147483647;
			files = (
				8830FD3427E389D500E87C79 /* PaywallSubscriptionStatusLogic.swift in Sources */,
				888F48D327DBA662009C74A3 /* Styles.swift in Sources */,
				888F48C527DB9F52009C74A3 /* PaywallOptionsTableView.swift in Sources */,
				888F48CB27DBA55E009C74A3 /* BrandedButton.swift in Sources */,
				888F48D927DBA751009C74A3 /* Colors.swift in Sources */,
				888F48C327DB8584009C74A3 /* ExplicitlyTriggerPaywallView.swift in Sources */,
				886DA1A327E101DF00400CAD /* PaywallOptionsListView.swift in Sources */,
				88F9F1DE27E1081A004FCE83 /* PaywallSubscriptionStatusView.swift in Sources */,
				8830FD3227E3628A00E87C79 /* ImplicitlyTriggerPaywallView.swift in Sources */,
				88EE539327DF677900F1FFFB /* StoreKitService.swift in Sources */,
				888F48BD27DA71EA009C74A3 /* AppDelegate.swift in Sources */,
				88EE539627DF6D0A00F1FFFB /* WelcomeView.swift in Sources */,
				888F48D127DBA62D009C74A3 /* Font.swift in Sources */,
				888F488A27DA6B0F009C74A3 /* PresentPaywallView.swift in Sources */,
				888F48BB27DA6FAF009C74A3 /* PaywallService.swift in Sources */,
				88F9F1E327E21718004FCE83 /* InfoView.swift in Sources */,
				888F488827DA6B0F009C74A3 /* SuperwallSwiftUIExampleApp.swift in Sources */,
			);
			runOnlyForDeploymentPostprocessing = 0;
		};
		888F489027DA6B10009C74A3 /* Sources */ = {
			isa = PBXSourcesBuildPhase;
			buildActionMask = 2147483647;
			files = (
				888F489927DA6B10009C74A3 /* SuperwallSwiftUIExampleTests.swift in Sources */,
			);
			runOnlyForDeploymentPostprocessing = 0;
		};
		888F489A27DA6B10009C74A3 /* Sources */ = {
			isa = PBXSourcesBuildPhase;
			buildActionMask = 2147483647;
			files = (
				888F48A327DA6B10009C74A3 /* SuperwallSwiftUIExampleUITests.swift in Sources */,
				888F48A527DA6B10009C74A3 /* SuperwallSwiftUIExampleUITestsLaunchTests.swift in Sources */,
			);
			runOnlyForDeploymentPostprocessing = 0;
		};
/* End PBXSourcesBuildPhase section */

/* Begin PBXTargetDependency section */
		888F489627DA6B10009C74A3 /* PBXTargetDependency */ = {
			isa = PBXTargetDependency;
			target = 888F488327DA6B0F009C74A3 /* SuperwallSwiftUIExample */;
			targetProxy = 888F489527DA6B10009C74A3 /* PBXContainerItemProxy */;
		};
		888F48A027DA6B10009C74A3 /* PBXTargetDependency */ = {
			isa = PBXTargetDependency;
			target = 888F488327DA6B0F009C74A3 /* SuperwallSwiftUIExample */;
			targetProxy = 888F489F27DA6B10009C74A3 /* PBXContainerItemProxy */;
		};
/* End PBXTargetDependency section */

/* Begin XCBuildConfiguration section */
		888F48A627DA6B10009C74A3 /* Debug */ = {
			isa = XCBuildConfiguration;
			buildSettings = {
				ALWAYS_SEARCH_USER_PATHS = NO;
				CLANG_ANALYZER_NONNULL = YES;
				CLANG_ANALYZER_NUMBER_OBJECT_CONVERSION = YES_AGGRESSIVE;
				CLANG_CXX_LANGUAGE_STANDARD = "gnu++17";
				CLANG_CXX_LIBRARY = "libc++";
				CLANG_ENABLE_MODULES = YES;
				CLANG_ENABLE_OBJC_ARC = YES;
				CLANG_ENABLE_OBJC_WEAK = YES;
				CLANG_WARN_BLOCK_CAPTURE_AUTORELEASING = YES;
				CLANG_WARN_BOOL_CONVERSION = YES;
				CLANG_WARN_COMMA = YES;
				CLANG_WARN_CONSTANT_CONVERSION = YES;
				CLANG_WARN_DEPRECATED_OBJC_IMPLEMENTATIONS = YES;
				CLANG_WARN_DIRECT_OBJC_ISA_USAGE = YES_ERROR;
				CLANG_WARN_DOCUMENTATION_COMMENTS = YES;
				CLANG_WARN_EMPTY_BODY = YES;
				CLANG_WARN_ENUM_CONVERSION = YES;
				CLANG_WARN_INFINITE_RECURSION = YES;
				CLANG_WARN_INT_CONVERSION = YES;
				CLANG_WARN_NON_LITERAL_NULL_CONVERSION = YES;
				CLANG_WARN_OBJC_IMPLICIT_RETAIN_SELF = YES;
				CLANG_WARN_OBJC_LITERAL_CONVERSION = YES;
				CLANG_WARN_OBJC_ROOT_CLASS = YES_ERROR;
				CLANG_WARN_QUOTED_INCLUDE_IN_FRAMEWORK_HEADER = YES;
				CLANG_WARN_RANGE_LOOP_ANALYSIS = YES;
				CLANG_WARN_STRICT_PROTOTYPES = YES;
				CLANG_WARN_SUSPICIOUS_MOVE = YES;
				CLANG_WARN_UNGUARDED_AVAILABILITY = YES_AGGRESSIVE;
				CLANG_WARN_UNREACHABLE_CODE = YES;
				CLANG_WARN__DUPLICATE_METHOD_MATCH = YES;
				COPY_PHASE_STRIP = NO;
				DEBUG_INFORMATION_FORMAT = dwarf;
				ENABLE_STRICT_OBJC_MSGSEND = YES;
				ENABLE_TESTABILITY = YES;
				GCC_C_LANGUAGE_STANDARD = gnu11;
				GCC_DYNAMIC_NO_PIC = NO;
				GCC_NO_COMMON_BLOCKS = YES;
				GCC_OPTIMIZATION_LEVEL = 0;
				GCC_PREPROCESSOR_DEFINITIONS = (
					"DEBUG=1",
					"$(inherited)",
				);
				GCC_WARN_64_TO_32_BIT_CONVERSION = YES;
				GCC_WARN_ABOUT_RETURN_TYPE = YES_ERROR;
				GCC_WARN_UNDECLARED_SELECTOR = YES;
				GCC_WARN_UNINITIALIZED_AUTOS = YES_AGGRESSIVE;
				GCC_WARN_UNUSED_FUNCTION = YES;
				GCC_WARN_UNUSED_VARIABLE = YES;
				IPHONEOS_DEPLOYMENT_TARGET = 15.2;
				MTL_ENABLE_DEBUG_INFO = INCLUDE_SOURCE;
				MTL_FAST_MATH = YES;
				ONLY_ACTIVE_ARCH = YES;
				SDKROOT = iphoneos;
				SWIFT_ACTIVE_COMPILATION_CONDITIONS = DEBUG;
				SWIFT_OPTIMIZATION_LEVEL = "-Onone";
			};
			name = Debug;
		};
		888F48A727DA6B10009C74A3 /* Release */ = {
			isa = XCBuildConfiguration;
			buildSettings = {
				ALWAYS_SEARCH_USER_PATHS = NO;
				CLANG_ANALYZER_NONNULL = YES;
				CLANG_ANALYZER_NUMBER_OBJECT_CONVERSION = YES_AGGRESSIVE;
				CLANG_CXX_LANGUAGE_STANDARD = "gnu++17";
				CLANG_CXX_LIBRARY = "libc++";
				CLANG_ENABLE_MODULES = YES;
				CLANG_ENABLE_OBJC_ARC = YES;
				CLANG_ENABLE_OBJC_WEAK = YES;
				CLANG_WARN_BLOCK_CAPTURE_AUTORELEASING = YES;
				CLANG_WARN_BOOL_CONVERSION = YES;
				CLANG_WARN_COMMA = YES;
				CLANG_WARN_CONSTANT_CONVERSION = YES;
				CLANG_WARN_DEPRECATED_OBJC_IMPLEMENTATIONS = YES;
				CLANG_WARN_DIRECT_OBJC_ISA_USAGE = YES_ERROR;
				CLANG_WARN_DOCUMENTATION_COMMENTS = YES;
				CLANG_WARN_EMPTY_BODY = YES;
				CLANG_WARN_ENUM_CONVERSION = YES;
				CLANG_WARN_INFINITE_RECURSION = YES;
				CLANG_WARN_INT_CONVERSION = YES;
				CLANG_WARN_NON_LITERAL_NULL_CONVERSION = YES;
				CLANG_WARN_OBJC_IMPLICIT_RETAIN_SELF = YES;
				CLANG_WARN_OBJC_LITERAL_CONVERSION = YES;
				CLANG_WARN_OBJC_ROOT_CLASS = YES_ERROR;
				CLANG_WARN_QUOTED_INCLUDE_IN_FRAMEWORK_HEADER = YES;
				CLANG_WARN_RANGE_LOOP_ANALYSIS = YES;
				CLANG_WARN_STRICT_PROTOTYPES = YES;
				CLANG_WARN_SUSPICIOUS_MOVE = YES;
				CLANG_WARN_UNGUARDED_AVAILABILITY = YES_AGGRESSIVE;
				CLANG_WARN_UNREACHABLE_CODE = YES;
				CLANG_WARN__DUPLICATE_METHOD_MATCH = YES;
				COPY_PHASE_STRIP = NO;
				DEBUG_INFORMATION_FORMAT = "dwarf-with-dsym";
				ENABLE_NS_ASSERTIONS = NO;
				ENABLE_STRICT_OBJC_MSGSEND = YES;
				GCC_C_LANGUAGE_STANDARD = gnu11;
				GCC_NO_COMMON_BLOCKS = YES;
				GCC_WARN_64_TO_32_BIT_CONVERSION = YES;
				GCC_WARN_ABOUT_RETURN_TYPE = YES_ERROR;
				GCC_WARN_UNDECLARED_SELECTOR = YES;
				GCC_WARN_UNINITIALIZED_AUTOS = YES_AGGRESSIVE;
				GCC_WARN_UNUSED_FUNCTION = YES;
				GCC_WARN_UNUSED_VARIABLE = YES;
				IPHONEOS_DEPLOYMENT_TARGET = 15.2;
				MTL_ENABLE_DEBUG_INFO = NO;
				MTL_FAST_MATH = YES;
				SDKROOT = iphoneos;
				SWIFT_COMPILATION_MODE = wholemodule;
				SWIFT_OPTIMIZATION_LEVEL = "-O";
				VALIDATE_PRODUCT = YES;
			};
			name = Release;
		};
		888F48A927DA6B10009C74A3 /* Debug */ = {
			isa = XCBuildConfiguration;
			buildSettings = {
				ASSETCATALOG_COMPILER_APPICON_NAME = AppIcon;
				ASSETCATALOG_COMPILER_GLOBAL_ACCENT_COLOR_NAME = AccentColor;
				CODE_SIGN_ENTITLEMENTS = SuperwallSwiftUIExample/SuperwallSwiftUIExample.entitlements;
				CODE_SIGN_STYLE = Automatic;
				CURRENT_PROJECT_VERSION = 1;
				DEVELOPMENT_ASSET_PATHS = "\"SuperwallSwiftUIExample/Preview Content\"";
				DEVELOPMENT_TEAM = "";
				ENABLE_PREVIEWS = YES;
				GENERATE_INFOPLIST_FILE = YES;
				INFOPLIST_FILE = SuperwallSwiftUIExample/Info.plist;
				INFOPLIST_KEY_CFBundleDisplayName = "Superwall Example";
				INFOPLIST_KEY_UIApplicationSupportsIndirectInputEvents = YES;
				INFOPLIST_KEY_UISupportedInterfaceOrientations_iPad = "UIInterfaceOrientationPortrait UIInterfaceOrientationPortraitUpsideDown UIInterfaceOrientationLandscapeLeft UIInterfaceOrientationLandscapeRight";
				INFOPLIST_KEY_UISupportedInterfaceOrientations_iPhone = "UIInterfaceOrientationPortrait UIInterfaceOrientationLandscapeLeft UIInterfaceOrientationLandscapeRight";
				INFOPLIST_KEY_UIUserInterfaceStyle = Light;
				IPHONEOS_DEPLOYMENT_TARGET = 15.4;
				LD_RUNPATH_SEARCH_PATHS = (
					"$(inherited)",
					"@executable_path/Frameworks",
				);
				MARKETING_VERSION = 1.0;
				PRODUCT_BUNDLE_IDENTIFIER = com.superwall.SuperwallSwiftUIExample;
				PRODUCT_NAME = "$(TARGET_NAME)";
				SUPPORTS_MACCATALYST = YES;
				SWIFT_EMIT_LOC_STRINGS = YES;
				SWIFT_VERSION = 5.0;
				TARGETED_DEVICE_FAMILY = "1,2";
			};
			name = Debug;
		};
		888F48AA27DA6B10009C74A3 /* Release */ = {
			isa = XCBuildConfiguration;
			buildSettings = {
				ASSETCATALOG_COMPILER_APPICON_NAME = AppIcon;
				ASSETCATALOG_COMPILER_GLOBAL_ACCENT_COLOR_NAME = AccentColor;
				CODE_SIGN_ENTITLEMENTS = SuperwallSwiftUIExample/SuperwallSwiftUIExample.entitlements;
				CODE_SIGN_STYLE = Automatic;
				CURRENT_PROJECT_VERSION = 1;
				DEVELOPMENT_ASSET_PATHS = "\"SuperwallSwiftUIExample/Preview Content\"";
				DEVELOPMENT_TEAM = "";
				ENABLE_PREVIEWS = YES;
				GENERATE_INFOPLIST_FILE = YES;
				INFOPLIST_FILE = SuperwallSwiftUIExample/Info.plist;
				INFOPLIST_KEY_CFBundleDisplayName = "Superwall Example";
				INFOPLIST_KEY_UIApplicationSupportsIndirectInputEvents = YES;
				INFOPLIST_KEY_UISupportedInterfaceOrientations_iPad = "UIInterfaceOrientationPortrait UIInterfaceOrientationPortraitUpsideDown UIInterfaceOrientationLandscapeLeft UIInterfaceOrientationLandscapeRight";
				INFOPLIST_KEY_UISupportedInterfaceOrientations_iPhone = "UIInterfaceOrientationPortrait UIInterfaceOrientationLandscapeLeft UIInterfaceOrientationLandscapeRight";
				INFOPLIST_KEY_UIUserInterfaceStyle = Light;
				IPHONEOS_DEPLOYMENT_TARGET = 15.4;
				LD_RUNPATH_SEARCH_PATHS = (
					"$(inherited)",
					"@executable_path/Frameworks",
				);
				MARKETING_VERSION = 1.0;
				PRODUCT_BUNDLE_IDENTIFIER = com.superwall.SuperwallSwiftUIExample;
				PRODUCT_NAME = "$(TARGET_NAME)";
				SUPPORTS_MACCATALYST = YES;
				SWIFT_EMIT_LOC_STRINGS = YES;
				SWIFT_VERSION = 5.0;
				TARGETED_DEVICE_FAMILY = "1,2";
			};
			name = Release;
		};
		888F48AC27DA6B10009C74A3 /* Debug */ = {
			isa = XCBuildConfiguration;
			buildSettings = {
				ALWAYS_EMBED_SWIFT_STANDARD_LIBRARIES = YES;
				BUNDLE_LOADER = "$(TEST_HOST)";
				CODE_SIGN_STYLE = Automatic;
				CURRENT_PROJECT_VERSION = 1;
				GENERATE_INFOPLIST_FILE = YES;
				IPHONEOS_DEPLOYMENT_TARGET = 15.2;
				MARKETING_VERSION = 1.0;
				PRODUCT_BUNDLE_IDENTIFIER = com.superwall.SuperwallSwiftUIExampleTests;
				PRODUCT_NAME = "$(TARGET_NAME)";
				SWIFT_EMIT_LOC_STRINGS = NO;
				SWIFT_VERSION = 5.0;
				TARGETED_DEVICE_FAMILY = "1,2";
				TEST_HOST = "$(BUILT_PRODUCTS_DIR)/SuperwallSwiftUIExample.app/SuperwallSwiftUIExample";
			};
			name = Debug;
		};
		888F48AD27DA6B10009C74A3 /* Release */ = {
			isa = XCBuildConfiguration;
			buildSettings = {
				ALWAYS_EMBED_SWIFT_STANDARD_LIBRARIES = YES;
				BUNDLE_LOADER = "$(TEST_HOST)";
				CODE_SIGN_STYLE = Automatic;
				CURRENT_PROJECT_VERSION = 1;
				GENERATE_INFOPLIST_FILE = YES;
				IPHONEOS_DEPLOYMENT_TARGET = 15.2;
				MARKETING_VERSION = 1.0;
				PRODUCT_BUNDLE_IDENTIFIER = com.superwall.SuperwallSwiftUIExampleTests;
				PRODUCT_NAME = "$(TARGET_NAME)";
				SWIFT_EMIT_LOC_STRINGS = NO;
				SWIFT_VERSION = 5.0;
				TARGETED_DEVICE_FAMILY = "1,2";
				TEST_HOST = "$(BUILT_PRODUCTS_DIR)/SuperwallSwiftUIExample.app/SuperwallSwiftUIExample";
			};
			name = Release;
		};
		888F48AF27DA6B10009C74A3 /* Debug */ = {
			isa = XCBuildConfiguration;
			buildSettings = {
				ALWAYS_EMBED_SWIFT_STANDARD_LIBRARIES = YES;
				CODE_SIGN_STYLE = Automatic;
				CURRENT_PROJECT_VERSION = 1;
				GENERATE_INFOPLIST_FILE = YES;
				MARKETING_VERSION = 1.0;
				PRODUCT_BUNDLE_IDENTIFIER = com.superwall.SuperwallSwiftUIExampleUITests;
				PRODUCT_NAME = "$(TARGET_NAME)";
				SWIFT_EMIT_LOC_STRINGS = NO;
				SWIFT_VERSION = 5.0;
				TARGETED_DEVICE_FAMILY = "1,2";
				TEST_TARGET_NAME = SuperwallSwiftUIExample;
			};
			name = Debug;
		};
		888F48B027DA6B10009C74A3 /* Release */ = {
			isa = XCBuildConfiguration;
			buildSettings = {
				ALWAYS_EMBED_SWIFT_STANDARD_LIBRARIES = YES;
				CODE_SIGN_STYLE = Automatic;
				CURRENT_PROJECT_VERSION = 1;
				GENERATE_INFOPLIST_FILE = YES;
				MARKETING_VERSION = 1.0;
				PRODUCT_BUNDLE_IDENTIFIER = com.superwall.SuperwallSwiftUIExampleUITests;
				PRODUCT_NAME = "$(TARGET_NAME)";
				SWIFT_EMIT_LOC_STRINGS = NO;
				SWIFT_VERSION = 5.0;
				TARGETED_DEVICE_FAMILY = "1,2";
				TEST_TARGET_NAME = SuperwallSwiftUIExample;
			};
			name = Release;
		};
/* End XCBuildConfiguration section */

/* Begin XCConfigurationList section */
		888F487F27DA6B0F009C74A3 /* Build configuration list for PBXProject "SuperwallSwiftUIExample" */ = {
			isa = XCConfigurationList;
			buildConfigurations = (
				888F48A627DA6B10009C74A3 /* Debug */,
				888F48A727DA6B10009C74A3 /* Release */,
			);
			defaultConfigurationIsVisible = 0;
			defaultConfigurationName = Release;
		};
		888F48A827DA6B10009C74A3 /* Build configuration list for PBXNativeTarget "SuperwallSwiftUIExample" */ = {
			isa = XCConfigurationList;
			buildConfigurations = (
				888F48A927DA6B10009C74A3 /* Debug */,
				888F48AA27DA6B10009C74A3 /* Release */,
			);
			defaultConfigurationIsVisible = 0;
			defaultConfigurationName = Release;
		};
		888F48AB27DA6B10009C74A3 /* Build configuration list for PBXNativeTarget "SuperwallSwiftUIExampleTests" */ = {
			isa = XCConfigurationList;
			buildConfigurations = (
				888F48AC27DA6B10009C74A3 /* Debug */,
				888F48AD27DA6B10009C74A3 /* Release */,
			);
			defaultConfigurationIsVisible = 0;
			defaultConfigurationName = Release;
		};
		888F48AE27DA6B10009C74A3 /* Build configuration list for PBXNativeTarget "SuperwallSwiftUIExampleUITests" */ = {
			isa = XCConfigurationList;
			buildConfigurations = (
				888F48AF27DA6B10009C74A3 /* Debug */,
				888F48B027DA6B10009C74A3 /* Release */,
			);
			defaultConfigurationIsVisible = 0;
			defaultConfigurationName = Release;
		};
/* End XCConfigurationList section */

/* Begin XCSwiftPackageProductDependency section */
		888F48B827DA6F7F009C74A3 /* Paywall */ = {
			isa = XCSwiftPackageProductDependency;
			productName = Paywall;
		};
/* End XCSwiftPackageProductDependency section */
	};
	rootObject = 888F487C27DA6B0F009C74A3 /* Project object */;
}
