{
  "originHash" : "f7bddd1fb540fa4978fe10bcd081d8eef0630c75eda663e00ac15065d566a9d0",
  "pins" : [
    {
      "identity" : "supercel-ios",
      "kind" : "remoteSourceControl",
      "location" : "https://github.com/superwall/SuperCEL-iOS",
      "state" : {
        "revision" : "4e08d383977883aaee406b7f0e52afb81a4ea66f",
        "version" : "0.1.12"
      }
    }
  ],
  "version" : 3
}
