{
  "originHash" : "db362fdf36eaf1c479870b40c7a6c2e2165345c7210ebe36257ee38523125878",
  "pins" : [
    {
      "identity" : "superscript-ios",
      "kind" : "remoteSourceControl",
      "location" : "https://github.com/superwall/Superscript-iOS",
      "state" : {
        "revision" : "f02ecb3129f99e6ed6ecdf8f01908444e49956a4",
        "version" : "1.0.4"
      }
    }
  ],
  "version" : 3
}
