// !$*UTF8*$!
{
   archiveVersion = "1";
   objectVersion = "46";
   objects = {
      "OBJ_1" = {
         isa = "PBXProject";
         attributes = {
            LastSwiftMigration = "9999";
            LastUpgradeCheck = "9999";
         };
         buildConfigurationList = "OBJ_2";
         compatibilityVersion = "Xcode 3.2";
         developmentRegion = "en";
         hasScannedForEncodings = "0";
         knownRegions = (
            "en"
         );
         mainGroup = "OBJ_5";
         productRefGroup = "OBJ_218";
         projectDirPath = ".";
         targets = (
            "asn1swift::ASN1Swift",
            "asn1swift::SwiftPMPackageDescription",
            "paywall-ios::Paywall",
            "paywall-ios::SwiftPMPackageDescription",
            "paywall-ios::PaywallPackageTests::ProductTarget",
            "paywall-ios::PaywallTests"
         );
      };
      "OBJ_10" = {
         isa = "PBXGroup";
         children = (
            "OBJ_11",
            "OBJ_16",
            "OBJ_17",
            "OBJ_18",
            "OBJ_19",
            "OBJ_20"
         );
         name = "Debug";
         path = "Debug";
         sourceTree = "<group>";
      };
      "OBJ_100" = {
         isa = "PBXGroup";
         children = (
            "OBJ_101",
            "OBJ_102",
            "OBJ_103",
            "OBJ_104",
            "OBJ_105",
            "OBJ_106",
            "OBJ_107",
            "OBJ_108"
         );
         name = "Triggers";
         path = "Triggers";
         sourceTree = "<group>";
      };
      "OBJ_101" = {
         isa = "PBXFileReference";
         path = "Trigger.swift";
         sourceTree = "<group>";
      };
      "OBJ_102" = {
         isa = "PBXFileReference";
         path = "TriggerInfo.swift";
         sourceTree = "<group>";
      };
      "OBJ_103" = {
         isa = "PBXFileReference";
         path = "TriggerRule.swift";
         sourceTree = "<group>";
      };
      "OBJ_104" = {
         isa = "PBXFileReference";
         path = "TriggerV2.swift";
         sourceTree = "<group>";
      };
      "OBJ_105" = {
         isa = "PBXFileReference";
         path = "TriggerVersion.swift";
         sourceTree = "<group>";
      };
      "OBJ_106" = {
         isa = "PBXFileReference";
         path = "Variant.swift";
         sourceTree = "<group>";
      };
      "OBJ_107" = {
         isa = "PBXFileReference";
         path = "VariantHoldout.swift";
         sourceTree = "<group>";
      };
      "OBJ_108" = {
         isa = "PBXFileReference";
         path = "VariantTreatment.swift";
         sourceTree = "<group>";
      };
      "OBJ_109" = {
         isa = "PBXGroup";
         children = (
            "OBJ_110",
            "OBJ_111",
            "OBJ_112",
            "OBJ_113",
            "OBJ_114"
         );
         name = "Network";
         path = "Network";
         sourceTree = "<group>";
      };
      "OBJ_11" = {
         isa = "PBXGroup";
         children = (
            "OBJ_12",
            "OBJ_13",
            "OBJ_14",
            "OBJ_15"
         );
         name = "Localizations";
         path = "Localizations";
         sourceTree = "<group>";
      };
      "OBJ_110" = {
         isa = "PBXFileReference";
         path = "APIs.swift";
         sourceTree = "<group>";
      };
      "OBJ_111" = {
         isa = "PBXFileReference";
         path = "Device.swift";
         sourceTree = "<group>";
      };
      "OBJ_112" = {
         isa = "PBXFileReference";
         path = "Endpoint.swift";
         sourceTree = "<group>";
      };
      "OBJ_113" = {
         isa = "PBXFileReference";
         path = "Network.swift";
         sourceTree = "<group>";
      };
      "OBJ_114" = {
         isa = "PBXGroup";
         children = (
            "OBJ_115",
            "OBJ_116"
         );
         name = "Paywall Response";
         path = "Paywall Response";
         sourceTree = "<group>";
      };
      "OBJ_115" = {
         isa = "PBXFileReference";
         path = "PaywallResponseLogic.swift";
         sourceTree = "<group>";
      };
      "OBJ_116" = {
         isa = "PBXFileReference";
         path = "PaywallResponseManager.swift";
         sourceTree = "<group>";
      };
      "OBJ_117" = {
         isa = "PBXGroup";
         children = (
            "OBJ_118",
            "OBJ_123",
            "OBJ_127",
            "OBJ_139",
            "OBJ_147",
            "OBJ_148",
            "OBJ_149",
            "OBJ_150",
            "OBJ_151",
            "OBJ_156"
         );
         name = "Paywall";
         path = "Paywall";
         sourceTree = "<group>";
      };
      "OBJ_118" = {
         isa = "PBXGroup";
         children = (
            "OBJ_119",
            "OBJ_120",
            "OBJ_121",
            "OBJ_122"
         );
         name = "Events";
         path = "Events";
         sourceTree = "<group>";
      };
      "OBJ_119" = {
         isa = "PBXFileReference";
         path = "EventTypeConversion.swift";
         sourceTree = "<group>";
      };
      "OBJ_12" = {
         isa = "PBXFileReference";
         path = "LocalizationGrouping.swift";
         sourceTree = "<group>";
      };
      "OBJ_120" = {
         isa = "PBXFileReference";
         path = "InternalEventTypes.swift";
         sourceTree = "<group>";
      };
      "OBJ_121" = {
         isa = "PBXFileReference";
         path = "InternalEvents.swift";
         sourceTree = "<group>";
      };
      "OBJ_122" = {
         isa = "PBXFileReference";
         path = "PublicEvents.swift";
         sourceTree = "<group>";
      };
      "OBJ_123" = {
         isa = "PBXGroup";
         children = (
            "OBJ_124",
            "OBJ_125",
            "OBJ_126"
         );
         name = "Paywall Manager";
         path = "Paywall Manager";
         sourceTree = "<group>";
      };
      "OBJ_124" = {
         isa = "PBXFileReference";
         path = "PaywallCache.swift";
         sourceTree = "<group>";
      };
      "OBJ_125" = {
         isa = "PBXFileReference";
         path = "PaywallCacheLogic.swift";
         sourceTree = "<group>";
      };
      "OBJ_126" = {
         isa = "PBXFileReference";
         path = "PaywallManager.swift";
         sourceTree = "<group>";
      };
      "OBJ_127" = {
         isa = "PBXGroup";
         children = (
            "OBJ_128",
            "OBJ_136"
         );
         name = "Paywall Presentation";
         path = "Paywall Presentation";
         sourceTree = "<group>";
      };
      "OBJ_128" = {
         isa = "PBXGroup";
         children = (
            "OBJ_129",
            "OBJ_133"
         );
         name = "SwiftUI";
         path = "SwiftUI";
         sourceTree = "<group>";
      };
      "OBJ_129" = {
         isa = "PBXGroup";
         children = (
            "OBJ_130",
            "OBJ_131",
            "OBJ_132"
         );
         name = "Extensions";
         path = "Extensions";
         sourceTree = "<group>";
      };
      "OBJ_13" = {
         isa = "PBXFileReference";
         path = "LocalizationLogic.swift";
         sourceTree = "<group>";
      };
      "OBJ_130" = {
         isa = "PBXFileReference";
         path = "View+PresentPaywall.swift";
         sourceTree = "<group>";
      };
      "OBJ_131" = {
         isa = "PBXFileReference";
         path = "View+TriggerPaywall.swift";
         sourceTree = "<group>";
      };
      "OBJ_132" = {
         isa = "PBXFileReference";
         path = "View+ValueChanged.swift";
         sourceTree = "<group>";
      };
      "OBJ_133" = {
         isa = "PBXGroup";
         children = (
            "OBJ_134",
            "OBJ_135"
         );
         name = "Modifiers";
         path = "Modifiers";
         sourceTree = "<group>";
      };
      "OBJ_134" = {
         isa = "PBXFileReference";
         path = "PaywallPresentationModifier.swift";
         sourceTree = "<group>";
      };
      "OBJ_135" = {
         isa = "PBXFileReference";
         path = "PaywallTriggerModifier.swift";
         sourceTree = "<group>";
      };
      "OBJ_136" = {
         isa = "PBXGroup";
         children = (
            "OBJ_137",
            "OBJ_138"
         );
         name = "UIKit";
         path = "UIKit";
         sourceTree = "<group>";
      };
      "OBJ_137" = {
         isa = "PBXFileReference";
         path = "InternalPaywallPresentation.swift";
         sourceTree = "<group>";
      };
      "OBJ_138" = {
         isa = "PBXFileReference";
         path = "PublicPaywallPresentation.swift";
         sourceTree = "<group>";
      };
      "OBJ_139" = {
         isa = "PBXGroup";
         children = (
            "OBJ_140",
            "OBJ_141",
            "OBJ_142",
            "OBJ_143",
            "OBJ_144",
            "OBJ_145",
            "OBJ_146"
         );
         name = "Paywall View Controller";
         path = "Paywall View Controller";
         sourceTree = "<group>";
      };
      "OBJ_14" = {
         isa = "PBXFileReference";
         path = "LocalizationManager.swift";
         sourceTree = "<group>";
      };
      "OBJ_140" = {
         isa = "PBXFileReference";
         path = "PaywallDismissalResult.swift";
         sourceTree = "<group>";
      };
      "OBJ_141" = {
         isa = "PBXFileReference";
         path = "PaywallEvents.swift";
         sourceTree = "<group>";
      };
      "OBJ_142" = {
         isa = "PBXFileReference";
         path = "PaywallMessageHandler.swift";
         sourceTree = "<group>";
      };
      "OBJ_143" = {
         isa = "PBXFileReference";
         path = "PaywallPresentationResult.swift";
         sourceTree = "<group>";
      };
      "OBJ_144" = {
         isa = "PBXFileReference";
         path = "SWPaywallViewController.swift";
         sourceTree = "<group>";
      };
      "OBJ_145" = {
         isa = "PBXFileReference";
         path = "SWWebView.swift";
         sourceTree = "<group>";
      };
      "OBJ_146" = {
         isa = "PBXFileReference";
         path = "WebEventHandler.swift";
         sourceTree = "<group>";
      };
      "OBJ_147" = {
         isa = "PBXFileReference";
         path = "Paywall.swift";
         sourceTree = "<group>";
      };
      "OBJ_148" = {
         isa = "PBXFileReference";
         path = "PaywallDelegate.swift";
         sourceTree = "<group>";
      };
      "OBJ_149" = {
         isa = "PBXFileReference";
         path = "PaywallLogic.swift";
         sourceTree = "<group>";
      };
      "OBJ_15" = {
         isa = "PBXFileReference";
         path = "LocalizationOption.swift";
         sourceTree = "<group>";
      };
      "OBJ_150" = {
         isa = "PBXFileReference";
         path = "PaywallTransactions.swift";
         sourceTree = "<group>";
      };
      "OBJ_151" = {
         isa = "PBXGroup";
         children = (
            "OBJ_152",
            "OBJ_153",
            "OBJ_154",
            "OBJ_155"
         );
         name = "ShimmerView";
         path = "ShimmerView";
         sourceTree = "<group>";
      };
      "OBJ_152" = {
         isa = "PBXFileReference";
         path = "Shimmer.swift";
         sourceTree = "<group>";
      };
      "OBJ_153" = {
         isa = "PBXFileReference";
         path = "ShimmeringLayer.swift";
         sourceTree = "<group>";
      };
      "OBJ_154" = {
         isa = "PBXFileReference";
         path = "ShimmeringMaskLayer.swift";
         sourceTree = "<group>";
      };
      "OBJ_155" = {
         isa = "PBXFileReference";
         path = "ShimmeringView.swift";
         sourceTree = "<group>";
      };
      "OBJ_156" = {
         isa = "PBXGroup";
         children = (
            "OBJ_157",
            "OBJ_158",
            "OBJ_159"
         );
         name = "Trigger Manager";
         path = "Trigger Manager";
         sourceTree = "<group>";
      };
      "OBJ_157" = {
         isa = "PBXFileReference";
         path = "ExpressionEvaluator.swift";
         sourceTree = "<group>";
      };
      "OBJ_158" = {
         isa = "PBXFileReference";
         path = "TriggerLogic.swift";
         sourceTree = "<group>";
      };
      "OBJ_159" = {
         isa = "PBXFileReference";
         path = "TriggerManager.swift";
         sourceTree = "<group>";
      };
      "OBJ_16" = {
         isa = "PBXFileReference";
         path = "SWBounceButton.swift";
         sourceTree = "<group>";
      };
      "OBJ_160" = {
         isa = "PBXFileReference";
         path = "SDKJS.swift";
         sourceTree = "<group>";
      };
      "OBJ_161" = {
         isa = "PBXGroup";
         children = (
            "OBJ_162",
            "OBJ_163",
            "OBJ_164",
            "OBJ_165",
            "OBJ_166"
         );
         name = "Storage";
         path = "Storage";
         sourceTree = "<group>";
      };
      "OBJ_162" = {
         isa = "PBXFileReference";
         path = "Cache.swift";
         sourceTree = "<group>";
      };
      "OBJ_163" = {
         isa = "PBXFileReference";
         path = "CacheKeys.swift";
         sourceTree = "<group>";
      };
      "OBJ_164" = {
         isa = "PBXFileReference";
         path = "EventsQueue.swift";
         sourceTree = "<group>";
      };
      "OBJ_165" = {
         isa = "PBXFileReference";
         path = "Storage.swift";
         sourceTree = "<group>";
      };
      "OBJ_166" = {
         isa = "PBXFileReference";
         path = "StorageLogic.swift";
         sourceTree = "<group>";
      };
      "OBJ_167" = {
         isa = "PBXGroup";
         children = (
            "OBJ_168",
            "OBJ_169"
         );
         name = "StoreKit";
         path = "StoreKit";
         sourceTree = "<group>";
      };
      "OBJ_168" = {
         isa = "PBXFileReference";
         path = "ProductsManager.swift";
         sourceTree = "<group>";
      };
      "OBJ_169" = {
         isa = "PBXFileReference";
         path = "StoreKitManager.swift";
         sourceTree = "<group>";
      };
      "OBJ_17" = {
         isa = "PBXFileReference";
         path = "SWConsoleViewController.swift";
         sourceTree = "<group>";
      };
      "OBJ_170" = {
         isa = "PBXGroup";
         children = (
            "OBJ_171"
         );
         name = "Tests";
         path = "";
         sourceTree = "SOURCE_ROOT";
      };
      "OBJ_171" = {
         isa = "PBXGroup";
         children = (
            "OBJ_172",
            "OBJ_178",
            "OBJ_182",
            "OBJ_189",
            "OBJ_197",
            "OBJ_198"
         );
         name = "PaywallTests";
         path = "Tests/PaywallTests";
         sourceTree = "SOURCE_ROOT";
      };
      "OBJ_172" = {
         isa = "PBXGroup";
         children = (
            "OBJ_173",
            "OBJ_175"
         );
         name = "Misc";
         path = "Misc";
         sourceTree = "<group>";
      };
      "OBJ_173" = {
         isa = "PBXGroup";
         children = (
            "OBJ_174"
         );
         name = "Extensions";
         path = "Extensions";
         sourceTree = "<group>";
      };
      "OBJ_174" = {
         isa = "PBXFileReference";
         path = "Date+IsoStringTests.swift";
         sourceTree = "<group>";
      };
      "OBJ_175" = {
         isa = "PBXGroup";
         children = (
            "OBJ_176",
            "OBJ_177"
         );
         name = "InAppReceipt";
         path = "InAppReceipt";
         sourceTree = "<group>";
      };
      "OBJ_176" = {
         isa = "PBXFileReference";
         path = "InAppReceiptTests.swift";
         sourceTree = "<group>";
      };
      "OBJ_177" = {
         isa = "PBXFileReference";
         path = "MockReceiptData.swift";
         sourceTree = "<group>";
      };
      "OBJ_178" = {
         isa = "PBXGroup";
         children = (
            "OBJ_179"
         );
         name = "Models";
         path = "Models";
         sourceTree = "<group>";
      };
      "OBJ_179" = {
         isa = "PBXGroup";
         children = (
            "OBJ_180",
            "OBJ_181"
         );
         name = "Config";
         path = "Config";
         sourceTree = "<group>";
      };
      "OBJ_18" = {
         isa = "PBXFileReference";
         path = "SWDebugManager.swift";
         sourceTree = "<group>";
      };
      "OBJ_180" = {
         isa = "PBXFileReference";
         path = "ConfigResponseLogicTests.swift";
         sourceTree = "<group>";
      };
      "OBJ_181" = {
         isa = "PBXFileReference";
         path = "ConfigResponseTests.swift";
         sourceTree = "<group>";
      };
      "OBJ_182" = {
         isa = "PBXGroup";
         children = (
            "OBJ_183"
         );
         name = "Network";
         path = "Network";
         sourceTree = "<group>";
      };
      "OBJ_183" = {
         isa = "PBXGroup";
         children = (
            "OBJ_184",
            "OBJ_188"
         );
         name = "Paywall Response";
         path = "Paywall Response";
         sourceTree = "<group>";
      };
      "OBJ_184" = {
         isa = "PBXGroup";
         children = (
            "OBJ_185",
            "OBJ_186",
            "OBJ_187"
         );
         name = "Mocks";
         path = "Mocks";
         sourceTree = "<group>";
      };
      "OBJ_185" = {
         isa = "PBXFileReference";
         path = "MockIntroductoryPeriod.swift";
         sourceTree = "<group>";
      };
      "OBJ_186" = {
         isa = "PBXFileReference";
         path = "MockProduct.swift";
         sourceTree = "<group>";
      };
      "OBJ_187" = {
         isa = "PBXFileReference";
         path = "MockSubscriptionPeriod.swift";
         sourceTree = "<group>";
      };
      "OBJ_188" = {
         isa = "PBXFileReference";
         path = "PaywallResponseLogicTests.swift";
         sourceTree = "<group>";
      };
      "OBJ_189" = {
         isa = "PBXGroup";
         children = (
            "OBJ_190",
            "OBJ_193",
            "OBJ_194"
         );
         name = "Paywall";
         path = "Paywall";
         sourceTree = "<group>";
      };
      "OBJ_19" = {
         isa = "PBXFileReference";
         path = "SWDebugViewController.swift";
         sourceTree = "<group>";
      };
      "OBJ_190" = {
         isa = "PBXGroup";
         children = (
            "OBJ_191",
            "OBJ_192"
         );
         name = "Paywall Manager";
         path = "Paywall Manager";
         sourceTree = "<group>";
      };
      "OBJ_191" = {
         isa = "PBXFileReference";
         path = "PaywallCacheLogicTests.swift";
         sourceTree = "<group>";
      };
      "OBJ_192" = {
         isa = "PBXFileReference";
         path = "PaywallCacheTests.swift";
         sourceTree = "<group>";
      };
      "OBJ_193" = {
         isa = "PBXFileReference";
         path = "PaywallLogicTests.swift";
         sourceTree = "<group>";
      };
      "OBJ_194" = {
         isa = "PBXGroup";
         children = (
            "OBJ_195",
            "OBJ_196"
         );
         name = "Trigger Manager";
         path = "Trigger Manager";
         sourceTree = "<group>";
      };
      "OBJ_195" = {
         isa = "PBXFileReference";
         path = "ExpressionEvaluatorTests.swift";
         sourceTree = "<group>";
      };
      "OBJ_196" = {
         isa = "PBXFileReference";
         path = "TriggerLogicTests.swift";
         sourceTree = "<group>";
      };
      "OBJ_197" = {
         isa = "PBXFileReference";
         path = "PaywallTests.swift";
         sourceTree = "<group>";
      };
      "OBJ_198" = {
         isa = "PBXFileReference";
         path = "Utils.swift";
         sourceTree = "<group>";
      };
      "OBJ_199" = {
         isa = "PBXGroup";
         children = (
            "OBJ_200"
         );
         name = "Dependencies";
         path = "";
         sourceTree = "<group>";
      };
      "OBJ_2" = {
         isa = "XCConfigurationList";
         buildConfigurations = (
            "OBJ_3",
            "OBJ_4"
         );
         defaultConfigurationIsVisible = "0";
         defaultConfigurationName = "Release";
      };
      "OBJ_20" = {
         isa = "PBXFileReference";
         path = "SWLocalizationViewController.swift";
         sourceTree = "<group>";
      };
      "OBJ_200" = {
         isa = "PBXGroup";
         children = (
            "OBJ_201",
            "OBJ_217"
         );
         name = "ASN1Swift 1.2.4";
         path = "";
         sourceTree = "SOURCE_ROOT";
      };
      "OBJ_201" = {
         isa = "PBXGroup";
         children = (
            "OBJ_202",
            "OBJ_203",
            "OBJ_204",
            "OBJ_205",
            "OBJ_206",
            "OBJ_207",
            "OBJ_208",
            "OBJ_209",
            "OBJ_210",
            "OBJ_211",
            "OBJ_212",
            "OBJ_213",
            "OBJ_214",
            "OBJ_215"
         );
         name = "ASN1Swift";
         path = ".build/checkouts/ASN1Swift/Sources/ASN1Swift";
         sourceTree = "SOURCE_ROOT";
      };
      "OBJ_202" = {
         isa = "PBXFileReference";
         path = "ASN1Coder.swift";
         sourceTree = "<group>";
      };
      "OBJ_203" = {
         isa = "PBXFileReference";
         path = "ASN1Decoder+Extras.swift";
         sourceTree = "<group>";
      };
      "OBJ_204" = {
         isa = "PBXFileReference";
         path = "ASN1Decoder+KeyedDecodingContainer.swift";
         sourceTree = "<group>";
      };
      "OBJ_205" = {
         isa = "PBXFileReference";
         path = "ASN1Decoder+SingleValueContainer.swift";
         sourceTree = "<group>";
      };
      "OBJ_206" = {
         isa = "PBXFileReference";
         path = "ASN1Decoder+Unboxing.swift";
         sourceTree = "<group>";
      };
      "OBJ_207" = {
         isa = "PBXFileReference";
         path = "ASN1Decoder+UnkeyedDecodingContainer.swift";
         sourceTree = "<group>";
      };
      "OBJ_208" = {
         isa = "PBXFileReference";
         path = "ASN1Decoder+Utils.swift";
         sourceTree = "<group>";
      };
      "OBJ_209" = {
         isa = "PBXFileReference";
         path = "ASN1Decoder.swift";
         sourceTree = "<group>";
      };
      "OBJ_21" = {
         isa = "PBXGroup";
         children = (
            "OBJ_22",
            "OBJ_23",
            "OBJ_24",
            "OBJ_25",
            "OBJ_46",
            "OBJ_49",
            "OBJ_55",
            "OBJ_56"
         );
         name = "Misc";
         path = "Misc";
         sourceTree = "<group>";
      };
      "OBJ_210" = {
         isa = "PBXFileReference";
         path = "ASN1Serialization.swift";
         sourceTree = "<group>";
      };
      "OBJ_211" = {
         isa = "PBXFileReference";
         path = "ASN1Templates.swift";
         sourceTree = "<group>";
      };
      "OBJ_212" = {
         isa = "PBXFileReference";
         path = "ASN1Types.swift";
         sourceTree = "<group>";
      };
      "OBJ_213" = {
         isa = "PBXFileReference";
         path = "DecodingError+Extensions.swift";
         sourceTree = "<group>";
      };
      "OBJ_214" = {
         isa = "PBXFileReference";
         path = "Foundation+ASN1Coder.swift";
         sourceTree = "<group>";
      };
      "OBJ_215" = {
         isa = "PBXGroup";
         children = (
            "OBJ_216"
         );
         name = "PKCS7";
         path = "PKCS7";
         sourceTree = "<group>";
      };
      "OBJ_216" = {
         isa = "PBXFileReference";
         path = "PKCS7.swift";
         sourceTree = "<group>";
      };
      "OBJ_217" = {
         isa = "PBXFileReference";
         explicitFileType = "sourcecode.swift";
         name = "Package.swift";
         path = "/Users/yusuf/Documents/Work/Superwall/paywall-ios/.build/checkouts/ASN1Swift/Package.swift";
         sourceTree = "<group>";
      };
      "OBJ_218" = {
         isa = "PBXGroup";
         children = (
            "asn1swift::ASN1Swift::Product",
            "paywall-ios::Paywall::Product",
            "paywall-ios::PaywallTests::Product"
         );
         name = "Products";
         path = "";
         sourceTree = "BUILT_PRODUCTS_DIR";
      };
      "OBJ_22" = {
         isa = "PBXFileReference";
         path = "Constants.swift";
         sourceTree = "<group>";
      };
      "OBJ_222" = {
         isa = "PBXFileReference";
         path = "Example";
         sourceTree = "SOURCE_ROOT";
      };
      "OBJ_223" = {
         isa = "PBXFileReference";
         path = "docbuild";
         sourceTree = "SOURCE_ROOT";
      };
      "OBJ_224" = {
         isa = "PBXFileReference";
         path = "LICENSE";
         sourceTree = "<group>";
      };
      "OBJ_225" = {
         isa = "PBXFileReference";
         path = "project.yml";
         sourceTree = "<group>";
      };
      "OBJ_226" = {
         isa = "PBXFileReference";
         path = "README.md";
         sourceTree = "<group>";
      };
      "OBJ_227" = {
         isa = "PBXFileReference";
         path = "CONTRIBUTING.md";
         sourceTree = "<group>";
      };
      "OBJ_228" = {
         isa = "PBXFileReference";
         path = "xcode12.py";
         sourceTree = "<group>";
      };
      "OBJ_229" = {
         isa = "PBXFileReference";
         path = "Paywall.podspec";
         sourceTree = "<group>";
      };
      "OBJ_23" = {
         isa = "PBXFileReference";
         path = "ConvenienceFunctions.swift";
         sourceTree = "<group>";
      };
      "OBJ_231" = {
         isa = "XCConfigurationList";
         buildConfigurations = (
            "OBJ_232",
            "OBJ_233"
         );
         defaultConfigurationIsVisible = "0";
         defaultConfigurationName = "Release";
      };
      "OBJ_232" = {
         isa = "XCBuildConfiguration";
         buildSettings = {
            CURRENT_PROJECT_VERSION = "1";
            DRIVERKIT_DEPLOYMENT_TARGET = "19.0";
            ENABLE_TESTABILITY = "YES";
            FRAMEWORK_SEARCH_PATHS = (
               "$(inherited)",
               "$(PLATFORM_DIR)/Developer/Library/Frameworks"
            );
            HEADER_SEARCH_PATHS = (
               "$(inherited)"
            );
            INFOPLIST_FILE = "Paywall.xcodeproj/ASN1Swift_Info.plist";
            IPHONEOS_DEPLOYMENT_TARGET = "10.0";
            LD_RUNPATH_SEARCH_PATHS = (
               "$(inherited)",
               "$(TOOLCHAIN_DIR)/usr/lib/swift/macosx"
            );
            MACOSX_DEPLOYMENT_TARGET = "10.12";
            OTHER_CFLAGS = (
               "$(inherited)"
            );
            OTHER_LDFLAGS = (
               "$(inherited)"
            );
            OTHER_SWIFT_FLAGS = (
               "$(inherited)"
            );
            PRODUCT_BUNDLE_IDENTIFIER = "ASN1Swift";
            PRODUCT_MODULE_NAME = "$(TARGET_NAME:c99extidentifier)";
            PRODUCT_NAME = "$(TARGET_NAME:c99extidentifier)";
            SKIP_INSTALL = "YES";
            SWIFT_ACTIVE_COMPILATION_CONDITIONS = (
               "$(inherited)"
            );
            SWIFT_VERSION = "5.0";
            TARGET_NAME = "ASN1Swift";
            TVOS_DEPLOYMENT_TARGET = "10.0";
            WATCHOS_DEPLOYMENT_TARGET = "6.2";
         };
         name = "Debug";
      };
      "OBJ_233" = {
         isa = "XCBuildConfiguration";
         buildSettings = {
            CURRENT_PROJECT_VERSION = "1";
            DRIVERKIT_DEPLOYMENT_TARGET = "19.0";
            ENABLE_TESTABILITY = "YES";
            FRAMEWORK_SEARCH_PATHS = (
               "$(inherited)",
               "$(PLATFORM_DIR)/Developer/Library/Frameworks"
            );
            HEADER_SEARCH_PATHS = (
               "$(inherited)"
            );
            INFOPLIST_FILE = "Paywall.xcodeproj/ASN1Swift_Info.plist";
            IPHONEOS_DEPLOYMENT_TARGET = "10.0";
            LD_RUNPATH_SEARCH_PATHS = (
               "$(inherited)",
               "$(TOOLCHAIN_DIR)/usr/lib/swift/macosx"
            );
            MACOSX_DEPLOYMENT_TARGET = "10.12";
            OTHER_CFLAGS = (
               "$(inherited)"
            );
            OTHER_LDFLAGS = (
               "$(inherited)"
            );
            OTHER_SWIFT_FLAGS = (
               "$(inherited)"
            );
            PRODUCT_BUNDLE_IDENTIFIER = "ASN1Swift";
            PRODUCT_MODULE_NAME = "$(TARGET_NAME:c99extidentifier)";
            PRODUCT_NAME = "$(TARGET_NAME:c99extidentifier)";
            SKIP_INSTALL = "YES";
            SWIFT_ACTIVE_COMPILATION_CONDITIONS = (
               "$(inherited)"
            );
            SWIFT_VERSION = "5.0";
            TARGET_NAME = "ASN1Swift";
            TVOS_DEPLOYMENT_TARGET = "10.0";
            WATCHOS_DEPLOYMENT_TARGET = "6.2";
         };
         name = "Release";
      };
      "OBJ_234" = {
         isa = "PBXSourcesBuildPhase";
         files = (
            "OBJ_235",
            "OBJ_236",
            "OBJ_237",
            "OBJ_238",
            "OBJ_239",
            "OBJ_240",
            "OBJ_241",
            "OBJ_242",
            "OBJ_243",
            "OBJ_244",
            "OBJ_245",
            "OBJ_246",
            "OBJ_247",
            "OBJ_248"
         );
      };
      "OBJ_235" = {
         isa = "PBXBuildFile";
         fileRef = "OBJ_202";
      };
      "OBJ_236" = {
         isa = "PBXBuildFile";
         fileRef = "OBJ_203";
      };
      "OBJ_237" = {
         isa = "PBXBuildFile";
         fileRef = "OBJ_204";
      };
      "OBJ_238" = {
         isa = "PBXBuildFile";
         fileRef = "OBJ_205";
      };
      "OBJ_239" = {
         isa = "PBXBuildFile";
         fileRef = "OBJ_206";
      };
      "OBJ_24" = {
         isa = "PBXFileReference";
         path = "Debug.swift";
         sourceTree = "<group>";
      };
      "OBJ_240" = {
         isa = "PBXBuildFile";
         fileRef = "OBJ_207";
      };
      "OBJ_241" = {
         isa = "PBXBuildFile";
         fileRef = "OBJ_208";
      };
      "OBJ_242" = {
         isa = "PBXBuildFile";
         fileRef = "OBJ_209";
      };
      "OBJ_243" = {
         isa = "PBXBuildFile";
         fileRef = "OBJ_210";
      };
      "OBJ_244" = {
         isa = "PBXBuildFile";
         fileRef = "OBJ_211";
      };
      "OBJ_245" = {
         isa = "PBXBuildFile";
         fileRef = "OBJ_212";
      };
      "OBJ_246" = {
         isa = "PBXBuildFile";
         fileRef = "OBJ_213";
      };
      "OBJ_247" = {
         isa = "PBXBuildFile";
         fileRef = "OBJ_214";
      };
      "OBJ_248" = {
         isa = "PBXBuildFile";
         fileRef = "OBJ_216";
      };
      "OBJ_249" = {
         isa = "PBXFrameworksBuildPhase";
         files = (
         );
      };
      "OBJ_25" = {
         isa = "PBXGroup";
         children = (
            "OBJ_26",
            "OBJ_27",
            "OBJ_28",
            "OBJ_29",
            "OBJ_34",
            "OBJ_35",
            "OBJ_36",
            "OBJ_40",
            "OBJ_41",
            "OBJ_42",
            "OBJ_43",
            "OBJ_44",
            "OBJ_45"
         );
         name = "Extensions";
         path = "Extensions";
         sourceTree = "<group>";
      };
      "OBJ_251" = {
         isa = "XCConfigurationList";
         buildConfigurations = (
            "OBJ_252",
            "OBJ_253"
         );
         defaultConfigurationIsVisible = "0";
         defaultConfigurationName = "Release";
      };
      "OBJ_252" = {
         isa = "XCBuildConfiguration";
         buildSettings = {
            LD = "/usr/bin/true";
            OTHER_SWIFT_FLAGS = (
               "-swift-version",
               "5",
               "-I",
               "$(TOOLCHAIN_DIR)/usr/lib/swift/pm/ManifestAPI",
               "-sdk",
               "/Applications/Xcode.app/Contents/Developer/Platforms/MacOSX.platform/Developer/SDKs/MacOSX12.3.sdk",
               "-package-description-version",
               "5.3.0"
            );
            SWIFT_VERSION = "5.0";
         };
         name = "Debug";
      };
      "OBJ_253" = {
         isa = "XCBuildConfiguration";
         buildSettings = {
            LD = "/usr/bin/true";
            OTHER_SWIFT_FLAGS = (
               "-swift-version",
               "5",
               "-I",
               "$(TOOLCHAIN_DIR)/usr/lib/swift/pm/ManifestAPI",
               "-sdk",
               "/Applications/Xcode.app/Contents/Developer/Platforms/MacOSX.platform/Developer/SDKs/MacOSX12.3.sdk",
               "-package-description-version",
               "5.3.0"
            );
            SWIFT_VERSION = "5.0";
         };
         name = "Release";
      };
      "OBJ_254" = {
         isa = "PBXSourcesBuildPhase";
         files = (
            "OBJ_255"
         );
      };
      "OBJ_255" = {
         isa = "PBXBuildFile";
         fileRef = "OBJ_217";
      };
      "OBJ_257" = {
         isa = "XCConfigurationList";
         buildConfigurations = (
            "OBJ_258",
            "OBJ_259"
         );
         defaultConfigurationIsVisible = "0";
         defaultConfigurationName = "Release";
      };
      "OBJ_258" = {
         isa = "XCBuildConfiguration";
         buildSettings = {
            CURRENT_PROJECT_VERSION = "1";
            DRIVERKIT_DEPLOYMENT_TARGET = "19.0";
            ENABLE_TESTABILITY = "YES";
            FRAMEWORK_SEARCH_PATHS = (
               "$(inherited)",
               "$(PLATFORM_DIR)/Developer/Library/Frameworks"
            );
            HEADER_SEARCH_PATHS = (
               "$(inherited)"
            );
            INFOPLIST_FILE = "Paywall.xcodeproj/Paywall_Info.plist";
            IPHONEOS_DEPLOYMENT_TARGET = "11.2";
            LD_RUNPATH_SEARCH_PATHS = (
               "$(inherited)",
               "$(TOOLCHAIN_DIR)/usr/lib/swift/macosx"
            );
            MACOSX_DEPLOYMENT_TARGET = "10.12";
            OTHER_CFLAGS = (
               "$(inherited)"
            );
            OTHER_LDFLAGS = (
               "$(inherited)"
            );
            OTHER_SWIFT_FLAGS = (
               "$(inherited)"
            );
            PRODUCT_BUNDLE_IDENTIFIER = "Paywall";
            PRODUCT_MODULE_NAME = "$(TARGET_NAME:c99extidentifier)";
            PRODUCT_NAME = "$(TARGET_NAME:c99extidentifier)";
            SKIP_INSTALL = "YES";
            SWIFT_ACTIVE_COMPILATION_CONDITIONS = (
               "$(inherited)"
            );
            SWIFT_VERSION = "5.0";
            TARGET_NAME = "Paywall";
            TVOS_DEPLOYMENT_TARGET = "9.0";
            WATCHOS_DEPLOYMENT_TARGET = "2.0";
         };
         name = "Debug";
      };
      "OBJ_259" = {
         isa = "XCBuildConfiguration";
         buildSettings = {
            CURRENT_PROJECT_VERSION = "1";
            DRIVERKIT_DEPLOYMENT_TARGET = "19.0";
            ENABLE_TESTABILITY = "YES";
            FRAMEWORK_SEARCH_PATHS = (
               "$(inherited)",
               "$(PLATFORM_DIR)/Developer/Library/Frameworks"
            );
            HEADER_SEARCH_PATHS = (
               "$(inherited)"
            );
            INFOPLIST_FILE = "Paywall.xcodeproj/Paywall_Info.plist";
            IPHONEOS_DEPLOYMENT_TARGET = "11.2";
            LD_RUNPATH_SEARCH_PATHS = (
               "$(inherited)",
               "$(TOOLCHAIN_DIR)/usr/lib/swift/macosx"
            );
            MACOSX_DEPLOYMENT_TARGET = "10.12";
            OTHER_CFLAGS = (
               "$(inherited)"
            );
            OTHER_LDFLAGS = (
               "$(inherited)"
            );
            OTHER_SWIFT_FLAGS = (
               "$(inherited)"
            );
            PRODUCT_BUNDLE_IDENTIFIER = "Paywall";
            PRODUCT_MODULE_NAME = "$(TARGET_NAME:c99extidentifier)";
            PRODUCT_NAME = "$(TARGET_NAME:c99extidentifier)";
            SKIP_INSTALL = "YES";
            SWIFT_ACTIVE_COMPILATION_CONDITIONS = (
               "$(inherited)"
            );
            SWIFT_VERSION = "5.0";
            TARGET_NAME = "Paywall";
            TVOS_DEPLOYMENT_TARGET = "9.0";
            WATCHOS_DEPLOYMENT_TARGET = "2.0";
         };
         name = "Release";
      };
      "OBJ_26" = {
         isa = "PBXFileReference";
         path = "Bundle+Helpers.swift";
         sourceTree = "<group>";
      };
      "OBJ_260" = {
         isa = "PBXSourcesBuildPhase";
         files = (
            "OBJ_261",
            "OBJ_262",
            "OBJ_263",
            "OBJ_264",
            "OBJ_265",
            "OBJ_266",
            "OBJ_267",
            "OBJ_268",
            "OBJ_269",
            "OBJ_270",
            "OBJ_271",
            "OBJ_272",
            "OBJ_273",
            "OBJ_274",
            "OBJ_275",
            "OBJ_276",
            "OBJ_277",
            "OBJ_278",
            "OBJ_279",
            "OBJ_280",
            "OBJ_281",
            "OBJ_282",
            "OBJ_283",
            "OBJ_284",
            "OBJ_285",
            "OBJ_286",
            "OBJ_287",
            "OBJ_288",
            "OBJ_289",
            "OBJ_290",
            "OBJ_291",
            "OBJ_292",
            "OBJ_293",
            "OBJ_294",
            "OBJ_295",
            "OBJ_296",
            "OBJ_297",
            "OBJ_298",
            "OBJ_299",
            "OBJ_300",
            "OBJ_301",
            "OBJ_302",
            "OBJ_303",
            "OBJ_304",
            "OBJ_305",
            "OBJ_306",
            "OBJ_307",
            "OBJ_308",
            "OBJ_309",
            "OBJ_310",
            "OBJ_311",
            "OBJ_312",
            "OBJ_313",
            "OBJ_314",
            "OBJ_315",
            "OBJ_316",
            "OBJ_317",
            "OBJ_318",
            "OBJ_319",
            "OBJ_320",
            "OBJ_321",
            "OBJ_322",
            "OBJ_323",
            "OBJ_324",
            "OBJ_325",
            "OBJ_326",
            "OBJ_327",
            "OBJ_328",
            "OBJ_329",
            "OBJ_330",
            "OBJ_331",
            "OBJ_332",
            "OBJ_333",
            "OBJ_334",
            "OBJ_335",
            "OBJ_336",
            "OBJ_337",
            "OBJ_338",
            "OBJ_339",
            "OBJ_340",
            "OBJ_341",
            "OBJ_342",
            "OBJ_343",
            "OBJ_344",
            "OBJ_345",
            "OBJ_346",
            "OBJ_347",
            "OBJ_348",
            "OBJ_349",
            "OBJ_350",
            "OBJ_351",
            "OBJ_352",
            "OBJ_353",
            "OBJ_354",
            "OBJ_355",
            "OBJ_356",
            "OBJ_357",
            "OBJ_358",
            "OBJ_359",
            "OBJ_360",
            "OBJ_361",
            "OBJ_362",
            "OBJ_363",
            "OBJ_364",
            "OBJ_365",
            "OBJ_366",
            "OBJ_367",
            "OBJ_368",
            "OBJ_369",
            "OBJ_370",
            "OBJ_371",
            "OBJ_372",
            "OBJ_373",
            "OBJ_374",
            "OBJ_375",
            "OBJ_376",
            "OBJ_377",
            "OBJ_378",
            "OBJ_379",
            "OBJ_380",
            "OBJ_381",
            "OBJ_382",
            "OBJ_383",
            "OBJ_384",
            "OBJ_385",
            "OBJ_386",
            "OBJ_387"
         );
      };
      "OBJ_261" = {
         isa = "PBXBuildFile";
         fileRef = "OBJ_9";
      };
      "OBJ_262" = {
         isa = "PBXBuildFile";
         fileRef = "OBJ_12";
      };
      "OBJ_263" = {
         isa = "PBXBuildFile";
         fileRef = "OBJ_13";
      };
      "OBJ_264" = {
         isa = "PBXBuildFile";
         fileRef = "OBJ_14";
      };
      "OBJ_265" = {
         isa = "PBXBuildFile";
         fileRef = "OBJ_15";
      };
      "OBJ_266" = {
         isa = "PBXBuildFile";
         fileRef = "OBJ_16";
      };
      "OBJ_267" = {
         isa = "PBXBuildFile";
         fileRef = "OBJ_17";
      };
      "OBJ_268" = {
         isa = "PBXBuildFile";
         fileRef = "OBJ_18";
      };
      "OBJ_269" = {
         isa = "PBXBuildFile";
         fileRef = "OBJ_19";
      };
      "OBJ_27" = {
         isa = "PBXFileReference";
         path = "Date+IsoString.swift";
         sourceTree = "<group>";
      };
      "OBJ_270" = {
         isa = "PBXBuildFile";
         fileRef = "OBJ_20";
      };
      "OBJ_271" = {
         isa = "PBXBuildFile";
         fileRef = "OBJ_22";
      };
      "OBJ_272" = {
         isa = "PBXBuildFile";
         fileRef = "OBJ_23";
      };
      "OBJ_273" = {
         isa = "PBXBuildFile";
         fileRef = "OBJ_24";
      };
      "OBJ_274" = {
         isa = "PBXBuildFile";
         fileRef = "OBJ_26";
      };
      "OBJ_275" = {
         isa = "PBXBuildFile";
         fileRef = "OBJ_27";
      };
      "OBJ_276" = {
         isa = "PBXBuildFile";
         fileRef = "OBJ_28";
      };
      "OBJ_277" = {
         isa = "PBXBuildFile";
         fileRef = "OBJ_30";
      };
      "OBJ_278" = {
         isa = "PBXBuildFile";
         fileRef = "OBJ_31";
      };
      "OBJ_279" = {
         isa = "PBXBuildFile";
         fileRef = "OBJ_32";
      };
      "OBJ_28" = {
         isa = "PBXFileReference";
         path = "Decimal+Rounding.swift";
         sourceTree = "<group>";
      };
      "OBJ_280" = {
         isa = "PBXBuildFile";
         fileRef = "OBJ_33";
      };
      "OBJ_281" = {
         isa = "PBXBuildFile";
         fileRef = "OBJ_34";
      };
      "OBJ_282" = {
         isa = "PBXBuildFile";
         fileRef = "OBJ_35";
      };
      "OBJ_283" = {
         isa = "PBXBuildFile";
         fileRef = "OBJ_37";
      };
      "OBJ_284" = {
         isa = "PBXBuildFile";
         fileRef = "OBJ_38";
      };
      "OBJ_285" = {
         isa = "PBXBuildFile";
         fileRef = "OBJ_39";
      };
      "OBJ_286" = {
         isa = "PBXBuildFile";
         fileRef = "OBJ_40";
      };
      "OBJ_287" = {
         isa = "PBXBuildFile";
         fileRef = "OBJ_41";
      };
      "OBJ_288" = {
         isa = "PBXBuildFile";
         fileRef = "OBJ_42";
      };
      "OBJ_289" = {
         isa = "PBXBuildFile";
         fileRef = "OBJ_43";
      };
      "OBJ_29" = {
         isa = "PBXGroup";
         children = (
            "OBJ_30",
            "OBJ_31",
            "OBJ_32",
            "OBJ_33"
         );
         name = "Dictionary";
         path = "Dictionary";
         sourceTree = "<group>";
      };
      "OBJ_290" = {
         isa = "PBXBuildFile";
         fileRef = "OBJ_44";
      };
      "OBJ_291" = {
         isa = "PBXBuildFile";
         fileRef = "OBJ_45";
      };
      "OBJ_292" = {
         isa = "PBXBuildFile";
         fileRef = "OBJ_47";
      };
      "OBJ_293" = {
         isa = "PBXBuildFile";
         fileRef = "OBJ_48";
      };
      "OBJ_294" = {
         isa = "PBXBuildFile";
         fileRef = "OBJ_50";
      };
      "OBJ_295" = {
         isa = "PBXBuildFile";
         fileRef = "OBJ_51";
      };
      "OBJ_296" = {
         isa = "PBXBuildFile";
         fileRef = "OBJ_52";
      };
      "OBJ_297" = {
         isa = "PBXBuildFile";
         fileRef = "OBJ_53";
      };
      "OBJ_298" = {
         isa = "PBXBuildFile";
         fileRef = "OBJ_54";
      };
      "OBJ_299" = {
         isa = "PBXBuildFile";
         fileRef = "OBJ_55";
      };
      "OBJ_3" = {
         isa = "XCBuildConfiguration";
         buildSettings = {
            CLANG_ENABLE_OBJC_ARC = "YES";
            COMBINE_HIDPI_IMAGES = "YES";
            COPY_PHASE_STRIP = "NO";
            DEBUG_INFORMATION_FORMAT = "dwarf";
            DYLIB_INSTALL_NAME_BASE = "@rpath";
            ENABLE_NS_ASSERTIONS = "YES";
            GCC_OPTIMIZATION_LEVEL = "0";
            GCC_PREPROCESSOR_DEFINITIONS = (
               "$(inherited)",
               "SWIFT_PACKAGE=1",
               "DEBUG=1"
            );
            MACOSX_DEPLOYMENT_TARGET = "10.10";
            ONLY_ACTIVE_ARCH = "YES";
            OTHER_SWIFT_FLAGS = (
               "$(inherited)",
               "-DXcode"
            );
            PRODUCT_NAME = "$(TARGET_NAME)";
            SDKROOT = "macosx";
            SUPPORTED_PLATFORMS = (
               "$(AVAILABLE_PLATFORMS)"
            );
            SUPPORTS_MACCATALYST = "YES";
            SWIFT_ACTIVE_COMPILATION_CONDITIONS = (
               "$(inherited)",
               "SWIFT_PACKAGE",
               "DEBUG"
            );
            SWIFT_OPTIMIZATION_LEVEL = "-Onone";
            USE_HEADERMAP = "NO";
         };
         name = "Debug";
      };
      "OBJ_30" = {
         isa = "PBXFileReference";
         path = "Dictionary+Cache.swift";
         sourceTree = "<group>";
      };
      "OBJ_300" = {
         isa = "PBXBuildFile";
         fileRef = "OBJ_56";
      };
      "OBJ_301" = {
         isa = "PBXBuildFile";
         fileRef = "OBJ_59";
      };
      "OBJ_302" = {
         isa = "PBXBuildFile";
         fileRef = "OBJ_60";
      };
      "OBJ_303" = {
         isa = "PBXBuildFile";
         fileRef = "OBJ_61";
      };
      "OBJ_304" = {
         isa = "PBXBuildFile";
         fileRef = "OBJ_63";
      };
      "OBJ_305" = {
         isa = "PBXBuildFile";
         fileRef = "OBJ_64";
      };
      "OBJ_306" = {
         isa = "PBXBuildFile";
         fileRef = "OBJ_65";
      };
      "OBJ_307" = {
         isa = "PBXBuildFile";
         fileRef = "OBJ_66";
      };
      "OBJ_308" = {
         isa = "PBXBuildFile";
         fileRef = "OBJ_67";
      };
      "OBJ_309" = {
         isa = "PBXBuildFile";
         fileRef = "OBJ_69";
      };
      "OBJ_31" = {
         isa = "PBXFileReference";
         path = "Dictionary+Filter.swift";
         sourceTree = "<group>";
      };
      "OBJ_310" = {
         isa = "PBXBuildFile";
         fileRef = "OBJ_70";
      };
      "OBJ_311" = {
         isa = "PBXBuildFile";
         fileRef = "OBJ_71";
      };
      "OBJ_312" = {
         isa = "PBXBuildFile";
         fileRef = "OBJ_73";
      };
      "OBJ_313" = {
         isa = "PBXBuildFile";
         fileRef = "OBJ_74";
      };
      "OBJ_314" = {
         isa = "PBXBuildFile";
         fileRef = "OBJ_75";
      };
      "OBJ_315" = {
         isa = "PBXBuildFile";
         fileRef = "OBJ_76";
      };
      "OBJ_316" = {
         isa = "PBXBuildFile";
         fileRef = "OBJ_78";
      };
      "OBJ_317" = {
         isa = "PBXBuildFile";
         fileRef = "OBJ_79";
      };
      "OBJ_318" = {
         isa = "PBXBuildFile";
         fileRef = "OBJ_81";
      };
      "OBJ_319" = {
         isa = "PBXBuildFile";
         fileRef = "OBJ_82";
      };
      "OBJ_32" = {
         isa = "PBXFileReference";
         path = "Dictionary+Keys.swift";
         sourceTree = "<group>";
      };
      "OBJ_320" = {
         isa = "PBXBuildFile";
         fileRef = "OBJ_83";
      };
      "OBJ_321" = {
         isa = "PBXBuildFile";
         fileRef = "OBJ_85";
      };
      "OBJ_322" = {
         isa = "PBXBuildFile";
         fileRef = "OBJ_86";
      };
      "OBJ_323" = {
         isa = "PBXBuildFile";
         fileRef = "OBJ_87";
      };
      "OBJ_324" = {
         isa = "PBXBuildFile";
         fileRef = "OBJ_88";
      };
      "OBJ_325" = {
         isa = "PBXBuildFile";
         fileRef = "OBJ_89";
      };
      "OBJ_326" = {
         isa = "PBXBuildFile";
         fileRef = "OBJ_90";
      };
      "OBJ_327" = {
         isa = "PBXBuildFile";
         fileRef = "OBJ_92";
      };
      "OBJ_328" = {
         isa = "PBXBuildFile";
         fileRef = "OBJ_93";
      };
      "OBJ_329" = {
         isa = "PBXBuildFile";
         fileRef = "OBJ_94";
      };
      "OBJ_33" = {
         isa = "PBXFileReference";
         path = "Dictionary+Merging.swift";
         sourceTree = "<group>";
      };
      "OBJ_330" = {
         isa = "PBXBuildFile";
         fileRef = "OBJ_95";
      };
      "OBJ_331" = {
         isa = "PBXBuildFile";
         fileRef = "OBJ_97";
      };
      "OBJ_332" = {
         isa = "PBXBuildFile";
         fileRef = "OBJ_98";
      };
      "OBJ_333" = {
         isa = "PBXBuildFile";
         fileRef = "OBJ_99";
      };
      "OBJ_334" = {
         isa = "PBXBuildFile";
         fileRef = "OBJ_101";
      };
      "OBJ_335" = {
         isa = "PBXBuildFile";
         fileRef = "OBJ_102";
      };
      "OBJ_336" = {
         isa = "PBXBuildFile";
         fileRef = "OBJ_103";
      };
      "OBJ_337" = {
         isa = "PBXBuildFile";
         fileRef = "OBJ_104";
      };
      "OBJ_338" = {
         isa = "PBXBuildFile";
         fileRef = "OBJ_105";
      };
      "OBJ_339" = {
         isa = "PBXBuildFile";
         fileRef = "OBJ_106";
      };
      "OBJ_34" = {
         isa = "PBXFileReference";
         path = "Encodable+Dictionary.swift";
         sourceTree = "<group>";
      };
      "OBJ_340" = {
         isa = "PBXBuildFile";
         fileRef = "OBJ_107";
      };
      "OBJ_341" = {
         isa = "PBXBuildFile";
         fileRef = "OBJ_108";
      };
      "OBJ_342" = {
         isa = "PBXBuildFile";
         fileRef = "OBJ_110";
      };
      "OBJ_343" = {
         isa = "PBXBuildFile";
         fileRef = "OBJ_111";
      };
      "OBJ_344" = {
         isa = "PBXBuildFile";
         fileRef = "OBJ_112";
      };
      "OBJ_345" = {
         isa = "PBXBuildFile";
         fileRef = "OBJ_113";
      };
      "OBJ_346" = {
         isa = "PBXBuildFile";
         fileRef = "OBJ_115";
      };
      "OBJ_347" = {
         isa = "PBXBuildFile";
         fileRef = "OBJ_116";
      };
      "OBJ_348" = {
         isa = "PBXBuildFile";
         fileRef = "OBJ_119";
      };
      "OBJ_349" = {
         isa = "PBXBuildFile";
         fileRef = "OBJ_120";
      };
      "OBJ_35" = {
         isa = "PBXFileReference";
         path = "String+RemoveChars.swift";
         sourceTree = "<group>";
      };
      "OBJ_350" = {
         isa = "PBXBuildFile";
         fileRef = "OBJ_121";
      };
      "OBJ_351" = {
         isa = "PBXBuildFile";
         fileRef = "OBJ_122";
      };
      "OBJ_352" = {
         isa = "PBXBuildFile";
         fileRef = "OBJ_124";
      };
      "OBJ_353" = {
         isa = "PBXBuildFile";
         fileRef = "OBJ_125";
      };
      "OBJ_354" = {
         isa = "PBXBuildFile";
         fileRef = "OBJ_126";
      };
      "OBJ_355" = {
         isa = "PBXBuildFile";
         fileRef = "OBJ_130";
      };
      "OBJ_356" = {
         isa = "PBXBuildFile";
         fileRef = "OBJ_131";
      };
      "OBJ_357" = {
         isa = "PBXBuildFile";
         fileRef = "OBJ_132";
      };
      "OBJ_358" = {
         isa = "PBXBuildFile";
         fileRef = "OBJ_134";
      };
      "OBJ_359" = {
         isa = "PBXBuildFile";
         fileRef = "OBJ_135";
      };
      "OBJ_36" = {
         isa = "PBXGroup";
         children = (
            "OBJ_37",
            "OBJ_38",
            "OBJ_39"
         );
         name = "String";
         path = "String";
         sourceTree = "<group>";
      };
      "OBJ_360" = {
         isa = "PBXBuildFile";
         fileRef = "OBJ_137";
      };
      "OBJ_361" = {
         isa = "PBXBuildFile";
         fileRef = "OBJ_138";
      };
      "OBJ_362" = {
         isa = "PBXBuildFile";
         fileRef = "OBJ_140";
      };
      "OBJ_363" = {
         isa = "PBXBuildFile";
         fileRef = "OBJ_141";
      };
      "OBJ_364" = {
         isa = "PBXBuildFile";
         fileRef = "OBJ_142";
      };
      "OBJ_365" = {
         isa = "PBXBuildFile";
         fileRef = "OBJ_143";
      };
      "OBJ_366" = {
         isa = "PBXBuildFile";
         fileRef = "OBJ_144";
      };
      "OBJ_367" = {
         isa = "PBXBuildFile";
         fileRef = "OBJ_145";
      };
      "OBJ_368" = {
         isa = "PBXBuildFile";
         fileRef = "OBJ_146";
      };
      "OBJ_369" = {
         isa = "PBXBuildFile";
         fileRef = "OBJ_147";
      };
      "OBJ_37" = {
         isa = "PBXFileReference";
         path = "SKProduct+Helpers.swift";
         sourceTree = "<group>";
      };
      "OBJ_370" = {
         isa = "PBXBuildFile";
         fileRef = "OBJ_148";
      };
      "OBJ_371" = {
         isa = "PBXBuildFile";
         fileRef = "OBJ_149";
      };
      "OBJ_372" = {
         isa = "PBXBuildFile";
         fileRef = "OBJ_150";
      };
      "OBJ_373" = {
         isa = "PBXBuildFile";
         fileRef = "OBJ_152";
      };
      "OBJ_374" = {
         isa = "PBXBuildFile";
         fileRef = "OBJ_153";
      };
      "OBJ_375" = {
         isa = "PBXBuildFile";
         fileRef = "OBJ_154";
      };
      "OBJ_376" = {
         isa = "PBXBuildFile";
         fileRef = "OBJ_155";
      };
      "OBJ_377" = {
         isa = "PBXBuildFile";
         fileRef = "OBJ_157";
      };
      "OBJ_378" = {
         isa = "PBXBuildFile";
         fileRef = "OBJ_158";
      };
      "OBJ_379" = {
         isa = "PBXBuildFile";
         fileRef = "OBJ_159";
      };
      "OBJ_38" = {
         isa = "PBXFileReference";
         path = "String+CamelCase.swift";
         sourceTree = "<group>";
      };
      "OBJ_380" = {
         isa = "PBXBuildFile";
         fileRef = "OBJ_160";
      };
      "OBJ_381" = {
         isa = "PBXBuildFile";
         fileRef = "OBJ_162";
      };
      "OBJ_382" = {
         isa = "PBXBuildFile";
         fileRef = "OBJ_163";
      };
      "OBJ_383" = {
         isa = "PBXBuildFile";
         fileRef = "OBJ_164";
      };
      "OBJ_384" = {
         isa = "PBXBuildFile";
         fileRef = "OBJ_165";
      };
      "OBJ_385" = {
         isa = "PBXBuildFile";
         fileRef = "OBJ_166";
      };
      "OBJ_386" = {
         isa = "PBXBuildFile";
         fileRef = "OBJ_168";
      };
      "OBJ_387" = {
         isa = "PBXBuildFile";
         fileRef = "OBJ_169";
      };
      "OBJ_388" = {
         isa = "PBXFrameworksBuildPhase";
         files = (
            "OBJ_389"
         );
      };
      "OBJ_389" = {
         isa = "PBXBuildFile";
         fileRef = "asn1swift::ASN1Swift::Product";
      };
      "OBJ_39" = {
         isa = "PBXFileReference";
         path = "String+MD5.swift";
         sourceTree = "<group>";
      };
      "OBJ_390" = {
         isa = "PBXTargetDependency";
         target = "asn1swift::ASN1Swift";
      };
      "OBJ_392" = {
         isa = "XCConfigurationList";
         buildConfigurations = (
            "OBJ_393",
            "OBJ_394"
         );
         defaultConfigurationIsVisible = "0";
         defaultConfigurationName = "Release";
      };
      "OBJ_393" = {
         isa = "XCBuildConfiguration";
         buildSettings = {
            LD = "/usr/bin/true";
            OTHER_SWIFT_FLAGS = (
               "-swift-version",
               "5",
               "-I",
               "$(TOOLCHAIN_DIR)/usr/lib/swift/pm/ManifestAPI",
               "-sdk",
               "/Applications/Xcode.app/Contents/Developer/Platforms/MacOSX.platform/Developer/SDKs/MacOSX12.3.sdk",
               "-package-description-version",
               "5.5.0"
            );
            SWIFT_VERSION = "5.0";
         };
         name = "Debug";
      };
      "OBJ_394" = {
         isa = "XCBuildConfiguration";
         buildSettings = {
            LD = "/usr/bin/true";
            OTHER_SWIFT_FLAGS = (
               "-swift-version",
               "5",
               "-I",
               "$(TOOLCHAIN_DIR)/usr/lib/swift/pm/ManifestAPI",
               "-sdk",
               "/Applications/Xcode.app/Contents/Developer/Platforms/MacOSX.platform/Developer/SDKs/MacOSX12.3.sdk",
               "-package-description-version",
               "5.5.0"
            );
            SWIFT_VERSION = "5.0";
         };
         name = "Release";
      };
      "OBJ_395" = {
         isa = "PBXSourcesBuildPhase";
         files = (
            "OBJ_396"
         );
      };
      "OBJ_396" = {
         isa = "PBXBuildFile";
         fileRef = "OBJ_6";
      };
      "OBJ_398" = {
         isa = "XCConfigurationList";
         buildConfigurations = (
            "OBJ_399",
            "OBJ_400"
         );
         defaultConfigurationIsVisible = "0";
         defaultConfigurationName = "Release";
      };
      "OBJ_399" = {
         isa = "XCBuildConfiguration";
         buildSettings = {
         };
         name = "Debug";
      };
      "OBJ_4" = {
         isa = "XCBuildConfiguration";
         buildSettings = {
            CLANG_ENABLE_OBJC_ARC = "YES";
            COMBINE_HIDPI_IMAGES = "YES";
            COPY_PHASE_STRIP = "YES";
            DEBUG_INFORMATION_FORMAT = "dwarf-with-dsym";
            DYLIB_INSTALL_NAME_BASE = "@rpath";
            GCC_OPTIMIZATION_LEVEL = "s";
            GCC_PREPROCESSOR_DEFINITIONS = (
               "$(inherited)",
               "SWIFT_PACKAGE=1"
            );
            MACOSX_DEPLOYMENT_TARGET = "10.10";
            OTHER_SWIFT_FLAGS = (
               "$(inherited)",
               "-DXcode"
            );
            PRODUCT_NAME = "$(TARGET_NAME)";
            SDKROOT = "macosx";
            SUPPORTED_PLATFORMS = (
               "$(AVAILABLE_PLATFORMS)"
            );
            SUPPORTS_MACCATALYST = "YES";
            SWIFT_ACTIVE_COMPILATION_CONDITIONS = (
               "$(inherited)",
               "SWIFT_PACKAGE"
            );
            SWIFT_OPTIMIZATION_LEVEL = "-Owholemodule";
            USE_HEADERMAP = "NO";
         };
         name = "Release";
      };
      "OBJ_40" = {
         isa = "PBXFileReference";
         path = "UIColor+Hex.swift";
         sourceTree = "<group>";
      };
      "OBJ_400" = {
         isa = "XCBuildConfiguration";
         buildSettings = {
         };
         name = "Release";
      };
      "OBJ_401" = {
         isa = "PBXTargetDependency";
         target = "paywall-ios::PaywallTests";
      };
      "OBJ_403" = {
         isa = "XCConfigurationList";
         buildConfigurations = (
            "OBJ_404",
            "OBJ_405"
         );
         defaultConfigurationIsVisible = "0";
         defaultConfigurationName = "Release";
      };
      "OBJ_404" = {
         isa = "XCBuildConfiguration";
         buildSettings = {
            CLANG_ENABLE_MODULES = "YES";
            CURRENT_PROJECT_VERSION = "1";
            DRIVERKIT_DEPLOYMENT_TARGET = "19.0";
            EMBEDDED_CONTENT_CONTAINS_SWIFT = "YES";
            FRAMEWORK_SEARCH_PATHS = (
               "$(inherited)",
               "$(PLATFORM_DIR)/Developer/Library/Frameworks"
            );
            HEADER_SEARCH_PATHS = (
               "$(inherited)"
            );
            INFOPLIST_FILE = "Paywall.xcodeproj/PaywallTests_Info.plist";
            IPHONEOS_DEPLOYMENT_TARGET = "14.0";
            LD_RUNPATH_SEARCH_PATHS = (
               "$(inherited)",
               "@loader_path/../Frameworks",
               "@loader_path/Frameworks"
            );
            MACOSX_DEPLOYMENT_TARGET = "11.0";
            OTHER_CFLAGS = (
               "$(inherited)"
            );
            OTHER_LDFLAGS = (
               "$(inherited)"
            );
            OTHER_SWIFT_FLAGS = (
               "$(inherited)"
            );
            SWIFT_ACTIVE_COMPILATION_CONDITIONS = (
               "$(inherited)"
            );
            SWIFT_VERSION = "5.0";
            TARGET_NAME = "PaywallTests";
            TVOS_DEPLOYMENT_TARGET = "14.0";
            WATCHOS_DEPLOYMENT_TARGET = "7.0";
         };
         name = "Debug";
      };
      "OBJ_405" = {
         isa = "XCBuildConfiguration";
         buildSettings = {
            CLANG_ENABLE_MODULES = "YES";
            CURRENT_PROJECT_VERSION = "1";
            DRIVERKIT_DEPLOYMENT_TARGET = "19.0";
            EMBEDDED_CONTENT_CONTAINS_SWIFT = "YES";
            FRAMEWORK_SEARCH_PATHS = (
               "$(inherited)",
               "$(PLATFORM_DIR)/Developer/Library/Frameworks"
            );
            HEADER_SEARCH_PATHS = (
               "$(inherited)"
            );
            INFOPLIST_FILE = "Paywall.xcodeproj/PaywallTests_Info.plist";
            IPHONEOS_DEPLOYMENT_TARGET = "14.0";
            LD_RUNPATH_SEARCH_PATHS = (
               "$(inherited)",
               "@loader_path/../Frameworks",
               "@loader_path/Frameworks"
            );
            MACOSX_DEPLOYMENT_TARGET = "11.0";
            OTHER_CFLAGS = (
               "$(inherited)"
            );
            OTHER_LDFLAGS = (
               "$(inherited)"
            );
            OTHER_SWIFT_FLAGS = (
               "$(inherited)"
            );
            SWIFT_ACTIVE_COMPILATION_CONDITIONS = (
               "$(inherited)"
            );
            SWIFT_VERSION = "5.0";
            TARGET_NAME = "PaywallTests";
            TVOS_DEPLOYMENT_TARGET = "14.0";
            WATCHOS_DEPLOYMENT_TARGET = "7.0";
         };
         name = "Release";
      };
      "OBJ_406" = {
         isa = "PBXSourcesBuildPhase";
         files = (
            "OBJ_407",
            "OBJ_408",
            "OBJ_409",
            "OBJ_410",
            "OBJ_411",
            "OBJ_412",
            "OBJ_413",
            "OBJ_414",
            "OBJ_415",
            "OBJ_416",
            "OBJ_417",
            "OBJ_418",
            "OBJ_419",
            "OBJ_420",
            "OBJ_421",
            "OBJ_422"
         );
      };
      "OBJ_407" = {
         isa = "PBXBuildFile";
         fileRef = "OBJ_174";
      };
      "OBJ_408" = {
         isa = "PBXBuildFile";
         fileRef = "OBJ_176";
      };
      "OBJ_409" = {
         isa = "PBXBuildFile";
         fileRef = "OBJ_177";
      };
      "OBJ_41" = {
         isa = "PBXFileReference";
         path = "UIDevice+ModelName.swift";
         sourceTree = "<group>";
      };
      "OBJ_410" = {
         isa = "PBXBuildFile";
         fileRef = "OBJ_180";
      };
      "OBJ_411" = {
         isa = "PBXBuildFile";
         fileRef = "OBJ_181";
      };
      "OBJ_412" = {
         isa = "PBXBuildFile";
         fileRef = "OBJ_185";
      };
      "OBJ_413" = {
         isa = "PBXBuildFile";
         fileRef = "OBJ_186";
      };
      "OBJ_414" = {
         isa = "PBXBuildFile";
         fileRef = "OBJ_187";
      };
      "OBJ_415" = {
         isa = "PBXBuildFile";
         fileRef = "OBJ_188";
      };
      "OBJ_416" = {
         isa = "PBXBuildFile";
         fileRef = "OBJ_191";
      };
      "OBJ_417" = {
         isa = "PBXBuildFile";
         fileRef = "OBJ_192";
      };
      "OBJ_418" = {
         isa = "PBXBuildFile";
         fileRef = "OBJ_193";
      };
      "OBJ_419" = {
         isa = "PBXBuildFile";
         fileRef = "OBJ_195";
      };
      "OBJ_42" = {
         isa = "PBXFileReference";
         path = "UIView+SpringAnimation.swift";
         sourceTree = "<group>";
      };
      "OBJ_420" = {
         isa = "PBXBuildFile";
         fileRef = "OBJ_196";
      };
      "OBJ_421" = {
         isa = "PBXBuildFile";
         fileRef = "OBJ_197";
      };
      "OBJ_422" = {
         isa = "PBXBuildFile";
         fileRef = "OBJ_198";
      };
      "OBJ_423" = {
         isa = "PBXFrameworksBuildPhase";
         files = (
            "OBJ_424",
            "OBJ_425"
         );
      };
      "OBJ_424" = {
         isa = "PBXBuildFile";
         fileRef = "paywall-ios::Paywall::Product";
      };
      "OBJ_425" = {
         isa = "PBXBuildFile";
         fileRef = "asn1swift::ASN1Swift::Product";
      };
      "OBJ_426" = {
         isa = "PBXTargetDependency";
         target = "paywall-ios::Paywall";
      };
      "OBJ_427" = {
         isa = "PBXTargetDependency";
         target = "asn1swift::ASN1Swift";
      };
      "OBJ_43" = {
         isa = "PBXFileReference";
         path = "UIViewController+TopVc.swift";
         sourceTree = "<group>";
      };
      "OBJ_44" = {
         isa = "PBXFileReference";
         path = "UIWindow+Landscape.swift";
         sourceTree = "<group>";
      };
      "OBJ_45" = {
         isa = "PBXFileReference";
         path = "URLSession+Request.swift";
         sourceTree = "<group>";
      };
      "OBJ_46" = {
         isa = "PBXGroup";
         children = (
            "OBJ_47",
            "OBJ_48"
         );
         name = "Game Controller";
         path = "Game Controller";
         sourceTree = "<group>";
      };
      "OBJ_47" = {
         isa = "PBXFileReference";
         path = "GameControllerEvent.swift";
         sourceTree = "<group>";
      };
      "OBJ_48" = {
         isa = "PBXFileReference";
         path = "GameControllerManager.swift";
         sourceTree = "<group>";
      };
      "OBJ_49" = {
         isa = "PBXGroup";
         children = (
            "OBJ_50",
            "OBJ_51",
            "OBJ_52",
            "OBJ_53",
            "OBJ_54"
         );
         name = "InAppReceipt";
         path = "InAppReceipt";
         sourceTree = "<group>";
      };
      "OBJ_5" = {
         isa = "PBXGroup";
         children = (
            "OBJ_6",
            "OBJ_7",
            "OBJ_170",
            "OBJ_199",
            "OBJ_218",
            "OBJ_222",
            "OBJ_223",
            "OBJ_224",
            "OBJ_225",
            "OBJ_226",
            "OBJ_227",
            "OBJ_228",
            "OBJ_229"
         );
         path = "";
         sourceTree = "<group>";
      };
      "OBJ_50" = {
         isa = "PBXFileReference";
         path = "InAppPurchase.swift";
         sourceTree = "<group>";
      };
      "OBJ_51" = {
         isa = "PBXFileReference";
         path = "InAppReceipt.swift";
         sourceTree = "<group>";
      };
      "OBJ_52" = {
         isa = "PBXFileReference";
         path = "InAppReceiptAttribute.swift";
         sourceTree = "<group>";
      };
      "OBJ_53" = {
         isa = "PBXFileReference";
         path = "InAppReceiptPayload.swift";
         sourceTree = "<group>";
      };
      "OBJ_54" = {
         isa = "PBXFileReference";
         path = "InAppReceiptPayloadContainer.swift";
         sourceTree = "<group>";
      };
      "OBJ_55" = {
         isa = "PBXFileReference";
         path = "SwiftyJSON.swift";
         sourceTree = "<group>";
      };
      "OBJ_56" = {
         isa = "PBXFileReference";
         path = "UIComponentFactory.swift";
         sourceTree = "<group>";
      };
      "OBJ_57" = {
         isa = "PBXGroup";
         children = (
            "OBJ_58",
            "OBJ_62",
            "OBJ_67",
            "OBJ_68",
            "OBJ_72",
            "OBJ_77",
            "OBJ_80",
            "OBJ_84",
            "OBJ_91",
            "OBJ_95",
            "OBJ_96",
            "OBJ_100"
         );
         name = "Models";
         path = "Models";
         sourceTree = "<group>";
      };
      "OBJ_58" = {
         isa = "PBXGroup";
         children = (
            "OBJ_59",
            "OBJ_60",
            "OBJ_61"
         );
         name = "Assignment";
         path = "Assignment";
         sourceTree = "<group>";
      };
      "OBJ_59" = {
         isa = "PBXFileReference";
         path = "Assignment.swift";
         sourceTree = "<group>";
      };
      "OBJ_6" = {
         isa = "PBXFileReference";
         explicitFileType = "sourcecode.swift";
         path = "Package.swift";
         sourceTree = "<group>";
      };
      "OBJ_60" = {
         isa = "PBXFileReference";
         path = "ConfirmableAssignments.swift";
         sourceTree = "<group>";
      };
      "OBJ_61" = {
         isa = "PBXFileReference";
         path = "ConfirmedAssignmentResponse.swift";
         sourceTree = "<group>";
      };
      "OBJ_62" = {
         isa = "PBXGroup";
         children = (
            "OBJ_63",
            "OBJ_64",
            "OBJ_65",
            "OBJ_66"
         );
         name = "Config";
         path = "Config";
         sourceTree = "<group>";
      };
      "OBJ_63" = {
         isa = "PBXFileReference";
         path = "ConfigResponse.swift";
         sourceTree = "<group>";
      };
      "OBJ_64" = {
         isa = "PBXFileReference";
         path = "ConfigResponseLogic.swift";
         sourceTree = "<group>";
      };
      "OBJ_65" = {
         isa = "PBXFileReference";
         path = "LocalizationConfig.swift";
         sourceTree = "<group>";
      };
      "OBJ_66" = {
         isa = "PBXFileReference";
         path = "PaywallConfig.swift";
         sourceTree = "<group>";
      };
      "OBJ_67" = {
         isa = "PBXFileReference";
         path = "EmptyResponse.swift";
         sourceTree = "<group>";
      };
      "OBJ_68" = {
         isa = "PBXGroup";
         children = (
            "OBJ_69",
            "OBJ_70",
            "OBJ_71"
         );
         name = "Events";
         path = "Events";
         sourceTree = "<group>";
      };
      "OBJ_69" = {
         isa = "PBXFileReference";
         path = "EventData.swift";
         sourceTree = "<group>";
      };
      "OBJ_7" = {
         isa = "PBXGroup";
         children = (
            "OBJ_8"
         );
         name = "Sources";
         path = "";
         sourceTree = "SOURCE_ROOT";
      };
      "OBJ_70" = {
         isa = "PBXFileReference";
         path = "EventsRequest.swift";
         sourceTree = "<group>";
      };
      "OBJ_71" = {
         isa = "PBXFileReference";
         path = "EventsResponse.swift";
         sourceTree = "<group>";
      };
      "OBJ_72" = {
         isa = "PBXGroup";
         children = (
            "OBJ_73",
            "OBJ_74",
            "OBJ_75",
            "OBJ_76"
         );
         name = "Paywall";
         path = "Paywall";
         sourceTree = "<group>";
      };
      "OBJ_73" = {
         isa = "PBXFileReference";
         path = "PaywallInfo.swift";
         sourceTree = "<group>";
      };
      "OBJ_74" = {
         isa = "PBXFileReference";
         path = "PaywallPresentationStyle.swift";
         sourceTree = "<group>";
      };
      "OBJ_75" = {
         isa = "PBXFileReference";
         path = "PaywallRequest.swift";
         sourceTree = "<group>";
      };
      "OBJ_76" = {
         isa = "PBXFileReference";
         path = "PaywallResponse.swift";
         sourceTree = "<group>";
      };
      "OBJ_77" = {
         isa = "PBXGroup";
         children = (
            "OBJ_78",
            "OBJ_79"
         );
         name = "Postback";
         path = "Postback";
         sourceTree = "<group>";
      };
      "OBJ_78" = {
         isa = "PBXFileReference";
         path = "Postback.swift";
         sourceTree = "<group>";
      };
      "OBJ_79" = {
         isa = "PBXFileReference";
         path = "PostbackRequest.swift";
         sourceTree = "<group>";
      };
      "OBJ_8" = {
         isa = "PBXGroup";
         children = (
            "OBJ_9",
            "OBJ_10",
            "OBJ_21",
            "OBJ_57",
            "OBJ_109",
            "OBJ_117",
            "OBJ_160",
            "OBJ_161",
            "OBJ_167"
         );
         name = "Paywall";
         path = "Sources/Paywall";
         sourceTree = "SOURCE_ROOT";
      };
      "OBJ_80" = {
         isa = "PBXGroup";
         children = (
            "OBJ_81",
            "OBJ_82",
            "OBJ_83"
         );
         name = "Product";
         path = "Product";
         sourceTree = "<group>";
      };
      "OBJ_81" = {
         isa = "PBXFileReference";
         path = "Product.swift";
         sourceTree = "<group>";
      };
      "OBJ_82" = {
         isa = "PBXFileReference";
         path = "ProductVariable.swift";
         sourceTree = "<group>";
      };
      "OBJ_83" = {
         isa = "PBXFileReference";
         path = "Variable.swift";
         sourceTree = "<group>";
      };
      "OBJ_84" = {
         isa = "PBXGroup";
         children = (
            "OBJ_85",
            "OBJ_86",
            "OBJ_87",
            "OBJ_88",
            "OBJ_89",
            "OBJ_90"
         );
         name = "SW Product";
         path = "SW Product";
         sourceTree = "<group>";
      };
      "OBJ_85" = {
         isa = "PBXFileReference";
         path = "SWProduct.swift";
         sourceTree = "<group>";
      };
      "OBJ_86" = {
         isa = "PBXFileReference";
         path = "SWProductDiscount.swift";
         sourceTree = "<group>";
      };
      "OBJ_87" = {
         isa = "PBXFileReference";
         path = "SWProductNumber.swift";
         sourceTree = "<group>";
      };
      "OBJ_88" = {
         isa = "PBXFileReference";
         path = "SWProductNumberGroup.swift";
         sourceTree = "<group>";
      };
      "OBJ_89" = {
         isa = "PBXFileReference";
         path = "SWProductPeriod.swift";
         sourceTree = "<group>";
      };
      "OBJ_9" = {
         isa = "PBXFileReference";
         path = "BundleHelper.swift";
         sourceTree = "<group>";
      };
      "OBJ_90" = {
         isa = "PBXFileReference";
         path = "SWProductSubscriptionPeriod.swift";
         sourceTree = "<group>";
      };
      "OBJ_91" = {
         isa = "PBXGroup";
         children = (
            "OBJ_92",
            "OBJ_93",
            "OBJ_94"
         );
         name = "SW Template Variables";
         path = "SW Template Variables";
         sourceTree = "<group>";
      };
      "OBJ_92" = {
         isa = "PBXFileReference";
         path = "SWPriceTemplateVariable.swift";
         sourceTree = "<group>";
      };
      "OBJ_93" = {
         isa = "PBXFileReference";
         path = "SWSubscriptionTemplateVariable.swift";
         sourceTree = "<group>";
      };
      "OBJ_94" = {
         isa = "PBXFileReference";
         path = "SWTemplateVariable.swift";
         sourceTree = "<group>";
      };
      "OBJ_95" = {
         isa = "PBXFileReference";
         path = "Stubbable.swift";
         sourceTree = "<group>";
      };
      "OBJ_96" = {
         isa = "PBXGroup";
         children = (
            "OBJ_97",
            "OBJ_98",
            "OBJ_99"
         );
         name = "Template";
         path = "Template";
         sourceTree = "<group>";
      };
      "OBJ_97" = {
         isa = "PBXFileReference";
         path = "TemplateDevice.swift";
         sourceTree = "<group>";
      };
      "OBJ_98" = {
         isa = "PBXFileReference";
         path = "TemplateProducts.swift";
         sourceTree = "<group>";
      };
      "OBJ_99" = {
         isa = "PBXFileReference";
         path = "TemplateSubstitutionsPrefix.swift";
         sourceTree = "<group>";
      };
      "asn1swift::ASN1Swift" = {
         isa = "PBXNativeTarget";
         buildConfigurationList = "OBJ_231";
         buildPhases = (
            "OBJ_234",
            "OBJ_249"
         );
         dependencies = (
         );
         name = "ASN1Swift";
         productName = "ASN1Swift";
         productReference = "asn1swift::ASN1Swift::Product";
         productType = "com.apple.product-type.framework";
      };
      "asn1swift::ASN1Swift::Product" = {
         isa = "PBXFileReference";
         path = "ASN1Swift.framework";
         sourceTree = "BUILT_PRODUCTS_DIR";
      };
      "asn1swift::SwiftPMPackageDescription" = {
         isa = "PBXNativeTarget";
         buildConfigurationList = "OBJ_251";
         buildPhases = (
            "OBJ_254"
         );
         dependencies = (
         );
         name = "ASN1SwiftPackageDescription";
         productName = "ASN1SwiftPackageDescription";
         productType = "com.apple.product-type.framework";
      };
      "paywall-ios::Paywall" = {
         isa = "PBXNativeTarget";
         buildConfigurationList = "OBJ_257";
         buildPhases = (
            "OBJ_260",
            "OBJ_388"
         );
         dependencies = (
            "OBJ_390"
         );
         name = "Paywall";
         productName = "Paywall";
         productReference = "paywall-ios::Paywall::Product";
         productType = "com.apple.product-type.framework";
      };
      "paywall-ios::Paywall::Product" = {
         isa = "PBXFileReference";
         path = "Paywall.framework";
         sourceTree = "BUILT_PRODUCTS_DIR";
      };
      "paywall-ios::PaywallPackageTests::ProductTarget" = {
         isa = "PBXAggregateTarget";
         buildConfigurationList = "OBJ_398";
         buildPhases = (
         );
         dependencies = (
            "OBJ_401"
         );
         name = "PaywallPackageTests";
         productName = "PaywallPackageTests";
      };
      "paywall-ios::PaywallTests" = {
         isa = "PBXNativeTarget";
         buildConfigurationList = "OBJ_403";
         buildPhases = (
            "OBJ_406",
            "OBJ_423"
         );
         dependencies = (
            "OBJ_426",
            "OBJ_427"
         );
         name = "PaywallTests";
         productName = "PaywallTests";
         productReference = "paywall-ios::PaywallTests::Product";
         productType = "com.apple.product-type.bundle.unit-test";
      };
      "paywall-ios::PaywallTests::Product" = {
         isa = "PBXFileReference";
         path = "PaywallTests.xctest";
         sourceTree = "BUILT_PRODUCTS_DIR";
      };
      "paywall-ios::SwiftPMPackageDescription" = {
         isa = "PBXNativeTarget";
         buildConfigurationList = "OBJ_392";
         buildPhases = (
            "OBJ_395"
         );
         dependencies = (
         );
         name = "PaywallPackageDescription";
         productName = "PaywallPackageDescription";
         productType = "com.apple.product-type.framework";
      };
   };
   rootObject = "OBJ_1";
}
