{
  "object": {
    "pins": [
      {
        "package": "RevenueCat",
        "repositoryURL": "https://github.com/RevenueCat/purchases-ios.git",
        "state": {
          "branch": null,
          "revision": "4601c1e0c246f3d74094229737e894a9f2339e6a",
          "version": "4.25.7"
        }
      }
    ]
  },
  "version": 1
}
