{
  "object": {
    "pins": [
      {
        "package": "RevenueCat",
        "repositoryURL": "https://github.com/RevenueCat/purchases-ios.git",
        "state": {
          "branch": null,
          "revision": "4e0d23e01f58ac0c713585c2f2c498123188e530",
          "version": "4.24.0"
        }
      }
    ]
  },
  "version": 1
}
